// !$*UTF8*$!
{
	archiveVersion = 1;
	classes = {
	};
	objectVersion = 55;
	objects = {

/* Begin PBXBuildFile section */
		A710CAC829A3BCFE0042BEA6 /* EssentialFeediOS.framework in Frameworks */ = {isa = PBXBuildFile; fileRef = A710CAC029A3BCFE0042BEA6 /* EssentialFeediOS.framework */; };
		A710CAD629A4DE940042BEA6 /* FeedViewControllerTests.swift in Sources */ = {isa = PBXBuildFile; fileRef = A710CAD529A4DE940042BEA6 /* FeedViewControllerTests.swift */; };
		A710CAD829A4E3E00042BEA6 /* EssentialFeed.framework in Frameworks */ = {isa = PBXBuildFile; fileRef = A79CCEE629897A700018A77E /* EssentialFeed.framework */; };
		A710CAD929A4E3E00042BEA6 /* EssentialFeed.framework in Embed Frameworks */ = {isa = PBXBuildFile; fileRef = A79CCEE629897A700018A77E /* EssentialFeed.framework */; settings = {ATTRIBUTES = (CodeSignOnCopy, RemoveHeadersOnCopy, ); }; };
		A710CADF29A614AF0042BEA6 /* XCTestCase+MemoryLeakTracking.swift in Sources */ = {isa = PBXBuildFile; fileRef = A753BC19298E88B300A66D5C /* XCTestCase+MemoryLeakTracking.swift */; };
		A710CAE129A626050042BEA6 /* FeedViewController.swift in Sources */ = {isa = PBXBuildFile; fileRef = A710CAE029A626050042BEA6 /* FeedViewController.swift */; };
		A710CAE329A794FF0042BEA6 /* FeedImageCell.swift in Sources */ = {isa = PBXBuildFile; fileRef = A710CAE229A794FF0042BEA6 /* FeedImageCell.swift */; };
		A710CAE529A7BA170042BEA6 /* UIView+Shimmering.swift in Sources */ = {isa = PBXBuildFile; fileRef = A710CAE429A7BA170042BEA6 /* UIView+Shimmering.swift */; };
		A710CAEB29A80AD30042BEA6 /* FeedImageDataLoader.swift in Sources */ = {isa = PBXBuildFile; fileRef = A710CAEA29A80AD30042BEA6 /* FeedImageDataLoader.swift */; };
		A710CAF129A80B3D0042BEA6 /* UIImage+TestHelpers.swift in Sources */ = {isa = PBXBuildFile; fileRef = A710CAF029A80B3D0042BEA6 /* UIImage+TestHelpers.swift */; };
		A710CAF329A80BA70042BEA6 /* UIRefreshControl+TestHelpers.swift in Sources */ = {isa = PBXBuildFile; fileRef = A710CAF229A80BA70042BEA6 /* UIRefreshControl+TestHelpers.swift */; };
		A753BC17298D346400A66D5C /* URLSessionHTTPClientTests.swift in Sources */ = {isa = PBXBuildFile; fileRef = A753BC16298D346400A66D5C /* URLSessionHTTPClientTests.swift */; };
		A753BC1A298E88B300A66D5C /* XCTestCase+MemoryLeakTracking.swift in Sources */ = {isa = PBXBuildFile; fileRef = A753BC19298E88B300A66D5C /* XCTestCase+MemoryLeakTracking.swift */; };
		A753BC1C298FB79300A66D5C /* URLSessionHTTPClient.swift in Sources */ = {isa = PBXBuildFile; fileRef = A753BC1B298FB79300A66D5C /* URLSessionHTTPClient.swift */; };
		A753BC242990542100A66D5C /* EssentialFeedAPIEndToEndTests.swift in Sources */ = {isa = PBXBuildFile; fileRef = A753BC232990542100A66D5C /* EssentialFeedAPIEndToEndTests.swift */; };
		A753BC252990542100A66D5C /* EssentialFeed.framework in Frameworks */ = {isa = PBXBuildFile; fileRef = A79CCEE629897A700018A77E /* EssentialFeed.framework */; };
		A75AB8DE299103EB00679DB6 /* XCTestCase+MemoryLeakTracking.swift in Sources */ = {isa = PBXBuildFile; fileRef = A753BC19298E88B300A66D5C /* XCTestCase+MemoryLeakTracking.swift */; };
		A75DDF762993FA83000A043F /* CacheFeedUseCaseTests.swift in Sources */ = {isa = PBXBuildFile; fileRef = A75DDF752993FA83000A043F /* CacheFeedUseCaseTests.swift */; };
		A75DDF79299500EE000A043F /* LocalFeedLoader.swift in Sources */ = {isa = PBXBuildFile; fileRef = A75DDF78299500EE000A043F /* LocalFeedLoader.swift */; };
		A75DDF7B29950208000A043F /* FeedStore.swift in Sources */ = {isa = PBXBuildFile; fileRef = A75DDF7A29950208000A043F /* FeedStore.swift */; };
		A75DDF7D29955B68000A043F /* RemoteFeedItem.swift in Sources */ = {isa = PBXBuildFile; fileRef = A75DDF7C29955B68000A043F /* RemoteFeedItem.swift */; };
		A75DDF7F29955BBE000A043F /* LocalFeedImage.swift in Sources */ = {isa = PBXBuildFile; fileRef = A75DDF7E29955BBE000A043F /* LocalFeedImage.swift */; };
		A762CC9F2996891F00FAAFEA /* LoadFeedFromCacheUseCaseTests.swift in Sources */ = {isa = PBXBuildFile; fileRef = A762CC9E2996891F00FAAFEA /* LoadFeedFromCacheUseCaseTests.swift */; };
		A762CCA229968A2700FAAFEA /* FeedStoreSpy.swift in Sources */ = {isa = PBXBuildFile; fileRef = A762CCA129968A2700FAAFEA /* FeedStoreSpy.swift */; };
		A762CCA42998187C00FAAFEA /* ValidateFeedCacheUseCaseTests.swift in Sources */ = {isa = PBXBuildFile; fileRef = A762CCA32998187C00FAAFEA /* ValidateFeedCacheUseCaseTests.swift */; };
		A762CCA62998288600FAAFEA /* FeedCacheTestHelpers.swift in Sources */ = {isa = PBXBuildFile; fileRef = A762CCA52998288600FAAFEA /* FeedCacheTestHelpers.swift */; };
		A762CCA82998293200FAAFEA /* SharedTestHelpers.swift in Sources */ = {isa = PBXBuildFile; fileRef = A762CCA72998293200FAAFEA /* SharedTestHelpers.swift */; };
		A762CCAA29999D1200FAAFEA /* FeedCachePolicy.swift in Sources */ = {isa = PBXBuildFile; fileRef = A762CCA929999D1200FAAFEA /* FeedCachePolicy.swift */; };
		A762CCB0299D125300FAAFEA /* FeedStoreSpecs.swift in Sources */ = {isa = PBXBuildFile; fileRef = A762CCAF299D125300FAAFEA /* FeedStoreSpecs.swift */; };
		A762CCB2299D12D400FAAFEA /* XCTestCase+FeedStoreSpecs.swift in Sources */ = {isa = PBXBuildFile; fileRef = A762CCB1299D12D400FAAFEA /* XCTestCase+FeedStoreSpecs.swift */; };
		A762CCB4299D155E00FAAFEA /* XCTestCase+FailableRetrieveFeedStoreSpecs.swift in Sources */ = {isa = PBXBuildFile; fileRef = A762CCB3299D155E00FAAFEA /* XCTestCase+FailableRetrieveFeedStoreSpecs.swift */; };
		A762CCB6299D15D900FAAFEA /* XCTestCase+FailableInsertFeedStoreSpecs.swift in Sources */ = {isa = PBXBuildFile; fileRef = A762CCB5299D15D900FAAFEA /* XCTestCase+FailableInsertFeedStoreSpecs.swift */; };
		A762CCB8299D162E00FAAFEA /* XCTestCase+FailableDeleteFeedStoreSpecs.swift in Sources */ = {isa = PBXBuildFile; fileRef = A762CCB7299D162E00FAAFEA /* XCTestCase+FailableDeleteFeedStoreSpecs.swift */; };
		A762CCBB299D391800FAAFEA /* CoreDataFeedStoreTests.swift in Sources */ = {isa = PBXBuildFile; fileRef = A762CCBA299D391800FAAFEA /* CoreDataFeedStoreTests.swift */; };
		A762CCBD299D395300FAAFEA /* CoreDataFeedStore.swift in Sources */ = {isa = PBXBuildFile; fileRef = A762CCBC299D395300FAAFEA /* CoreDataFeedStore.swift */; };
		A762CCC0299D3A2A00FAAFEA /* FeedStore.xcdatamodeld in Sources */ = {isa = PBXBuildFile; fileRef = A762CCBE299D3A2A00FAAFEA /* FeedStore.xcdatamodeld */; };
		A762CCD5299D4B7000FAAFEA /* CoreDataHelpers.swift in Sources */ = {isa = PBXBuildFile; fileRef = A762CCD4299D4B7000FAAFEA /* CoreDataHelpers.swift */; };
		A762CCD7299D4C2100FAAFEA /* ManagedCache.swift in Sources */ = {isa = PBXBuildFile; fileRef = A762CCD6299D4C2100FAAFEA /* ManagedCache.swift */; };
		A762CCD9299D4C4D00FAAFEA /* ManagedFeedImage.swift in Sources */ = {isa = PBXBuildFile; fileRef = A762CCD8299D4C4D00FAAFEA /* ManagedFeedImage.swift */; };
		A762CCE1299E77DC00FAAFEA /* EssentialFeedCacheIntegrationTests.swift in Sources */ = {isa = PBXBuildFile; fileRef = A762CCE0299E77DC00FAAFEA /* EssentialFeedCacheIntegrationTests.swift */; };
		A762CCE2299E77DC00FAAFEA /* EssentialFeed.framework in Frameworks */ = {isa = PBXBuildFile; fileRef = A79CCEE629897A700018A77E /* EssentialFeed.framework */; };
		A762CCE8299E793F00FAAFEA /* XCTestCase+MemoryLeakTracking.swift in Sources */ = {isa = PBXBuildFile; fileRef = A753BC19298E88B300A66D5C /* XCTestCase+MemoryLeakTracking.swift */; };
		A762CCE9299E79D500FAAFEA /* SharedTestHelpers.swift in Sources */ = {isa = PBXBuildFile; fileRef = A762CCA72998293200FAAFEA /* SharedTestHelpers.swift */; };
		A762CCEA299E79DF00FAAFEA /* FeedCacheTestHelpers.swift in Sources */ = {isa = PBXBuildFile; fileRef = A762CCA52998288600FAAFEA /* FeedCacheTestHelpers.swift */; };
		A79CCEEB29897A700018A77E /* EssentialFeed.docc in Sources */ = {isa = PBXBuildFile; fileRef = A79CCEEA29897A700018A77E /* EssentialFeed.docc */; };
		A79CCEF129897A700018A77E /* EssentialFeed.framework in Frameworks */ = {isa = PBXBuildFile; fileRef = A79CCEE629897A700018A77E /* EssentialFeed.framework */; };
		A79CCEF729897A700018A77E /* EssentialFeed.h in Headers */ = {isa = PBXBuildFile; fileRef = A79CCEE929897A700018A77E /* EssentialFeed.h */; settings = {ATTRIBUTES = (Public, ); }; };
		A79CCF0129897ABC0018A77E /* FeedItem.swift in Sources */ = {isa = PBXBuildFile; fileRef = A79CCF0029897ABC0018A77E /* FeedItem.swift */; };
		A79CCF0329897BEF0018A77E /* FeedLoader.swift in Sources */ = {isa = PBXBuildFile; fileRef = A79CCF0229897BEF0018A77E /* FeedLoader.swift */; };
		A79CCF06298A717E0018A77E /* RemoteFeedLoaderTests.swift in Sources */ = {isa = PBXBuildFile; fileRef = A79CCF05298A717E0018A77E /* RemoteFeedLoaderTests.swift */; };
		A79CCF09298A817D0018A77E /* RemoteFeedLoader.swift in Sources */ = {isa = PBXBuildFile; fileRef = A79CCF08298A817D0018A77E /* RemoteFeedLoader.swift */; };
		A79CCF0B298BFCE40018A77E /* HTTPClient.swift in Sources */ = {isa = PBXBuildFile; fileRef = A79CCF0A298BFCE40018A77E /* HTTPClient.swift */; };
		A79CCF0D298BFD2F0018A77E /* FeedItemsMapper.swift in Sources */ = {isa = PBXBuildFile; fileRef = A79CCF0C298BFD2F0018A77E /* FeedItemsMapper.swift */; };
/* End PBXBuildFile section */

/* Begin PBXContainerItemProxy section */
		A710CAC929A3BCFE0042BEA6 /* PBXContainerItemProxy */ = {
			isa = PBXContainerItemProxy;
			containerPortal = A79CCEDD29897A700018A77E /* Project object */;
			proxyType = 1;
			remoteGlobalIDString = A710CABF29A3BCFE0042BEA6;
			remoteInfo = EssentialFeediOS;
		};
		A710CADA29A4E3E00042BEA6 /* PBXContainerItemProxy */ = {
			isa = PBXContainerItemProxy;
			containerPortal = A79CCEDD29897A700018A77E /* Project object */;
			proxyType = 1;
			remoteGlobalIDString = A79CCEE529897A700018A77E;
			remoteInfo = EssentialFeed;
		};
		A753BC262990542100A66D5C /* PBXContainerItemProxy */ = {
			isa = PBXContainerItemProxy;
			containerPortal = A79CCEDD29897A700018A77E /* Project object */;
			proxyType = 1;
			remoteGlobalIDString = A79CCEE529897A700018A77E;
			remoteInfo = EssentialFeed;
		};
		A762CCE3299E77DC00FAAFEA /* PBXContainerItemProxy */ = {
			isa = PBXContainerItemProxy;
			containerPortal = A79CCEDD29897A700018A77E /* Project object */;
			proxyType = 1;
			remoteGlobalIDString = A79CCEE529897A700018A77E;
			remoteInfo = EssentialFeed;
		};
		A79CCEF229897A700018A77E /* PBXContainerItemProxy */ = {
			isa = PBXContainerItemProxy;
			containerPortal = A79CCEDD29897A700018A77E /* Project object */;
			proxyType = 1;
			remoteGlobalIDString = A79CCEE529897A700018A77E;
			remoteInfo = EssentialFeed;
		};
/* End PBXContainerItemProxy section */

/* Begin PBXCopyFilesBuildPhase section */
		A710CADC29A4E3E00042BEA6 /* Embed Frameworks */ = {
			isa = PBXCopyFilesBuildPhase;
			buildActionMask = 2147483647;
			dstPath = "";
			dstSubfolderSpec = 10;
			files = (
				A710CAD929A4E3E00042BEA6 /* EssentialFeed.framework in Embed Frameworks */,
			);
			name = "Embed Frameworks";
			runOnlyForDeploymentPostprocessing = 0;
		};
/* End PBXCopyFilesBuildPhase section */

/* Begin PBXFileReference section */
		A710CAC029A3BCFE0042BEA6 /* EssentialFeediOS.framework */ = {isa = PBXFileReference; explicitFileType = wrapper.framework; includeInIndex = 0; path = EssentialFeediOS.framework; sourceTree = BUILT_PRODUCTS_DIR; };
		A710CAC729A3BCFE0042BEA6 /* EssentialFeediOSTests.xctest */ = {isa = PBXFileReference; explicitFileType = wrapper.cfbundle; includeInIndex = 0; path = EssentialFeediOSTests.xctest; sourceTree = BUILT_PRODUCTS_DIR; };
		A710CAD529A4DE940042BEA6 /* FeedViewControllerTests.swift */ = {isa = PBXFileReference; lastKnownFileType = sourcecode.swift; path = FeedViewControllerTests.swift; sourceTree = "<group>"; };
		A710CAE029A626050042BEA6 /* FeedViewController.swift */ = {isa = PBXFileReference; lastKnownFileType = sourcecode.swift; path = FeedViewController.swift; sourceTree = "<group>"; };
		A710CAE229A794FF0042BEA6 /* FeedImageCell.swift */ = {isa = PBXFileReference; lastKnownFileType = sourcecode.swift; path = FeedImageCell.swift; sourceTree = "<group>"; };
		A710CAE429A7BA170042BEA6 /* UIView+Shimmering.swift */ = {isa = PBXFileReference; lastKnownFileType = sourcecode.swift; path = "UIView+Shimmering.swift"; sourceTree = "<group>"; };
		A710CAEA29A80AD30042BEA6 /* FeedImageDataLoader.swift */ = {isa = PBXFileReference; lastKnownFileType = sourcecode.swift; path = FeedImageDataLoader.swift; sourceTree = "<group>"; };
		A710CAF029A80B3D0042BEA6 /* UIImage+TestHelpers.swift */ = {isa = PBXFileReference; lastKnownFileType = sourcecode.swift; path = "UIImage+TestHelpers.swift"; sourceTree = "<group>"; };
		A710CAF229A80BA70042BEA6 /* UIRefreshControl+TestHelpers.swift */ = {isa = PBXFileReference; lastKnownFileType = sourcecode.swift; path = "UIRefreshControl+TestHelpers.swift"; sourceTree = "<group>"; };
		A753BC16298D346400A66D5C /* URLSessionHTTPClientTests.swift */ = {isa = PBXFileReference; lastKnownFileType = sourcecode.swift; path = URLSessionHTTPClientTests.swift; sourceTree = "<group>"; };
		A753BC19298E88B300A66D5C /* XCTestCase+MemoryLeakTracking.swift */ = {isa = PBXFileReference; lastKnownFileType = sourcecode.swift; path = "XCTestCase+MemoryLeakTracking.swift"; sourceTree = "<group>"; };
		A753BC1B298FB79300A66D5C /* URLSessionHTTPClient.swift */ = {isa = PBXFileReference; lastKnownFileType = sourcecode.swift; path = URLSessionHTTPClient.swift; sourceTree = "<group>"; };
		A753BC212990542100A66D5C /* EssentialFeedAPIEndToEndTests.xctest */ = {isa = PBXFileReference; explicitFileType = wrapper.cfbundle; includeInIndex = 0; path = EssentialFeedAPIEndToEndTests.xctest; sourceTree = BUILT_PRODUCTS_DIR; };
		A753BC232990542100A66D5C /* EssentialFeedAPIEndToEndTests.swift */ = {isa = PBXFileReference; lastKnownFileType = sourcecode.swift; path = EssentialFeedAPIEndToEndTests.swift; sourceTree = "<group>"; };
		A75DDF752993FA83000A043F /* CacheFeedUseCaseTests.swift */ = {isa = PBXFileReference; lastKnownFileType = sourcecode.swift; path = CacheFeedUseCaseTests.swift; sourceTree = "<group>"; };
		A75DDF78299500EE000A043F /* LocalFeedLoader.swift */ = {isa = PBXFileReference; lastKnownFileType = sourcecode.swift; path = LocalFeedLoader.swift; sourceTree = "<group>"; };
		A75DDF7A29950208000A043F /* FeedStore.swift */ = {isa = PBXFileReference; lastKnownFileType = sourcecode.swift; path = FeedStore.swift; sourceTree = "<group>"; };
		A75DDF7C29955B68000A043F /* RemoteFeedItem.swift */ = {isa = PBXFileReference; lastKnownFileType = sourcecode.swift; path = RemoteFeedItem.swift; sourceTree = "<group>"; };
		A75DDF7E29955BBE000A043F /* LocalFeedImage.swift */ = {isa = PBXFileReference; lastKnownFileType = sourcecode.swift; path = LocalFeedImage.swift; sourceTree = "<group>"; };
		A762CC9E2996891F00FAAFEA /* LoadFeedFromCacheUseCaseTests.swift */ = {isa = PBXFileReference; lastKnownFileType = sourcecode.swift; path = LoadFeedFromCacheUseCaseTests.swift; sourceTree = "<group>"; };
		A762CCA129968A2700FAAFEA /* FeedStoreSpy.swift */ = {isa = PBXFileReference; lastKnownFileType = sourcecode.swift; path = FeedStoreSpy.swift; sourceTree = "<group>"; };
		A762CCA32998187C00FAAFEA /* ValidateFeedCacheUseCaseTests.swift */ = {isa = PBXFileReference; lastKnownFileType = sourcecode.swift; path = ValidateFeedCacheUseCaseTests.swift; sourceTree = "<group>"; };
		A762CCA52998288600FAAFEA /* FeedCacheTestHelpers.swift */ = {isa = PBXFileReference; lastKnownFileType = sourcecode.swift; path = FeedCacheTestHelpers.swift; sourceTree = "<group>"; };
		A762CCA72998293200FAAFEA /* SharedTestHelpers.swift */ = {isa = PBXFileReference; lastKnownFileType = sourcecode.swift; path = SharedTestHelpers.swift; sourceTree = "<group>"; };
		A762CCA929999D1200FAAFEA /* FeedCachePolicy.swift */ = {isa = PBXFileReference; lastKnownFileType = sourcecode.swift; path = FeedCachePolicy.swift; sourceTree = "<group>"; };
		A762CCAF299D125300FAAFEA /* FeedStoreSpecs.swift */ = {isa = PBXFileReference; lastKnownFileType = sourcecode.swift; path = FeedStoreSpecs.swift; sourceTree = "<group>"; };
		A762CCB1299D12D400FAAFEA /* XCTestCase+FeedStoreSpecs.swift */ = {isa = PBXFileReference; lastKnownFileType = sourcecode.swift; path = "XCTestCase+FeedStoreSpecs.swift"; sourceTree = "<group>"; };
		A762CCB3299D155E00FAAFEA /* XCTestCase+FailableRetrieveFeedStoreSpecs.swift */ = {isa = PBXFileReference; lastKnownFileType = sourcecode.swift; path = "XCTestCase+FailableRetrieveFeedStoreSpecs.swift"; sourceTree = "<group>"; };
		A762CCB5299D15D900FAAFEA /* XCTestCase+FailableInsertFeedStoreSpecs.swift */ = {isa = PBXFileReference; lastKnownFileType = sourcecode.swift; path = "XCTestCase+FailableInsertFeedStoreSpecs.swift"; sourceTree = "<group>"; };
		A762CCB7299D162E00FAAFEA /* XCTestCase+FailableDeleteFeedStoreSpecs.swift */ = {isa = PBXFileReference; lastKnownFileType = sourcecode.swift; path = "XCTestCase+FailableDeleteFeedStoreSpecs.swift"; sourceTree = "<group>"; };
		A762CCBA299D391800FAAFEA /* CoreDataFeedStoreTests.swift */ = {isa = PBXFileReference; lastKnownFileType = sourcecode.swift; path = CoreDataFeedStoreTests.swift; sourceTree = "<group>"; };
		A762CCBC299D395300FAAFEA /* CoreDataFeedStore.swift */ = {isa = PBXFileReference; lastKnownFileType = sourcecode.swift; path = CoreDataFeedStore.swift; sourceTree = "<group>"; };
		A762CCBF299D3A2A00FAAFEA /* FeedStore.xcdatamodel */ = {isa = PBXFileReference; lastKnownFileType = wrapper.xcdatamodel; path = FeedStore.xcdatamodel; sourceTree = "<group>"; };
		A762CCD4299D4B7000FAAFEA /* CoreDataHelpers.swift */ = {isa = PBXFileReference; lastKnownFileType = sourcecode.swift; path = CoreDataHelpers.swift; sourceTree = "<group>"; };
		A762CCD6299D4C2100FAAFEA /* ManagedCache.swift */ = {isa = PBXFileReference; lastKnownFileType = sourcecode.swift; path = ManagedCache.swift; sourceTree = "<group>"; };
		A762CCD8299D4C4D00FAAFEA /* ManagedFeedImage.swift */ = {isa = PBXFileReference; lastKnownFileType = sourcecode.swift; path = ManagedFeedImage.swift; sourceTree = "<group>"; };
		A762CCDE299E77DC00FAAFEA /* EssentialFeedCacheIntegrationTests.xctest */ = {isa = PBXFileReference; explicitFileType = wrapper.cfbundle; includeInIndex = 0; path = EssentialFeedCacheIntegrationTests.xctest; sourceTree = BUILT_PRODUCTS_DIR; };
		A762CCE0299E77DC00FAAFEA /* EssentialFeedCacheIntegrationTests.swift */ = {isa = PBXFileReference; lastKnownFileType = sourcecode.swift; path = EssentialFeedCacheIntegrationTests.swift; sourceTree = "<group>"; };
		A79CCEE629897A700018A77E /* EssentialFeed.framework */ = {isa = PBXFileReference; explicitFileType = wrapper.framework; includeInIndex = 0; path = EssentialFeed.framework; sourceTree = BUILT_PRODUCTS_DIR; };
		A79CCEE929897A700018A77E /* EssentialFeed.h */ = {isa = PBXFileReference; lastKnownFileType = sourcecode.c.h; path = EssentialFeed.h; sourceTree = "<group>"; };
		A79CCEEA29897A700018A77E /* EssentialFeed.docc */ = {isa = PBXFileReference; lastKnownFileType = folder.documentationcatalog; path = EssentialFeed.docc; sourceTree = "<group>"; };
		A79CCEF029897A700018A77E /* EssentialFeedTests.xctest */ = {isa = PBXFileReference; explicitFileType = wrapper.cfbundle; includeInIndex = 0; path = EssentialFeedTests.xctest; sourceTree = BUILT_PRODUCTS_DIR; };
		A79CCF0029897ABC0018A77E /* FeedItem.swift */ = {isa = PBXFileReference; lastKnownFileType = sourcecode.swift; path = FeedItem.swift; sourceTree = "<group>"; };
		A79CCF0229897BEF0018A77E /* FeedLoader.swift */ = {isa = PBXFileReference; lastKnownFileType = sourcecode.swift; path = FeedLoader.swift; sourceTree = "<group>"; };
		A79CCF05298A717E0018A77E /* RemoteFeedLoaderTests.swift */ = {isa = PBXFileReference; lastKnownFileType = sourcecode.swift; path = RemoteFeedLoaderTests.swift; sourceTree = "<group>"; };
		A79CCF08298A817D0018A77E /* RemoteFeedLoader.swift */ = {isa = PBXFileReference; lastKnownFileType = sourcecode.swift; path = RemoteFeedLoader.swift; sourceTree = "<group>"; };
		A79CCF0A298BFCE40018A77E /* HTTPClient.swift */ = {isa = PBXFileReference; lastKnownFileType = sourcecode.swift; path = HTTPClient.swift; sourceTree = "<group>"; };
		A79CCF0C298BFD2F0018A77E /* FeedItemsMapper.swift */ = {isa = PBXFileReference; lastKnownFileType = sourcecode.swift; path = FeedItemsMapper.swift; sourceTree = "<group>"; };
/* End PBXFileReference section */

/* Begin PBXFrameworksBuildPhase section */
		A710CABD29A3BCFE0042BEA6 /* Frameworks */ = {
			isa = PBXFrameworksBuildPhase;
			buildActionMask = 2147483647;
			files = (
				A710CAD829A4E3E00042BEA6 /* EssentialFeed.framework in Frameworks */,
			);
			runOnlyForDeploymentPostprocessing = 0;
		};
		A710CAC429A3BCFE0042BEA6 /* Frameworks */ = {
			isa = PBXFrameworksBuildPhase;
			buildActionMask = 2147483647;
			files = (
				A710CAC829A3BCFE0042BEA6 /* EssentialFeediOS.framework in Frameworks */,
			);
			runOnlyForDeploymentPostprocessing = 0;
		};
		A753BC1E2990542100A66D5C /* Frameworks */ = {
			isa = PBXFrameworksBuildPhase;
			buildActionMask = 2147483647;
			files = (
				A753BC252990542100A66D5C /* EssentialFeed.framework in Frameworks */,
			);
			runOnlyForDeploymentPostprocessing = 0;
		};
		A762CCDB299E77DC00FAAFEA /* Frameworks */ = {
			isa = PBXFrameworksBuildPhase;
			buildActionMask = 2147483647;
			files = (
				A762CCE2299E77DC00FAAFEA /* EssentialFeed.framework in Frameworks */,
			);
			runOnlyForDeploymentPostprocessing = 0;
		};
		A79CCEE329897A700018A77E /* Frameworks */ = {
			isa = PBXFrameworksBuildPhase;
			buildActionMask = 2147483647;
			files = (
			);
			runOnlyForDeploymentPostprocessing = 0;
		};
		A79CCEED29897A700018A77E /* Frameworks */ = {
			isa = PBXFrameworksBuildPhase;
			buildActionMask = 2147483647;
			files = (
				A79CCEF129897A700018A77E /* EssentialFeed.framework in Frameworks */,
			);
			runOnlyForDeploymentPostprocessing = 0;
		};
/* End PBXFrameworksBuildPhase section */

/* Begin PBXGroup section */
		A710CAC129A3BCFE0042BEA6 /* EssentialFeediOS */ = {
			isa = PBXGroup;
			children = (
				A710CAE929A80AA50042BEA6 /* Feed Image Loader */,
				A710CAE629A80A730042BEA6 /* Feed UI */,
			);
			path = EssentialFeediOS;
			sourceTree = "<group>";
		};
		A710CACB29A3BCFF0042BEA6 /* EssentialFeediOSTests */ = {
			isa = PBXGroup;
			children = (
				A710CAED29A80AF60042BEA6 /* FeedUI */,
				A710CAEC29A80AF00042BEA6 /* Helpers */,
			);
			path = EssentialFeediOSTests;
			sourceTree = "<group>";
		};
		A710CAD729A4E3E00042BEA6 /* Frameworks */ = {
			isa = PBXGroup;
			children = (
			);
			name = Frameworks;
			sourceTree = "<group>";
		};
		A710CAE629A80A730042BEA6 /* Feed UI */ = {
			isa = PBXGroup;
			children = (
				A710CAE829A80A8E0042BEA6 /* Views */,
				A710CAE729A80A870042BEA6 /* Controllers */,
			);
			path = "Feed UI";
			sourceTree = "<group>";
		};
		A710CAE729A80A870042BEA6 /* Controllers */ = {
			isa = PBXGroup;
			children = (
				A710CAE029A626050042BEA6 /* FeedViewController.swift */,
			);
			path = Controllers;
			sourceTree = "<group>";
		};
		A710CAE829A80A8E0042BEA6 /* Views */ = {
			isa = PBXGroup;
			children = (
				A710CAE229A794FF0042BEA6 /* FeedImageCell.swift */,
				A710CAE429A7BA170042BEA6 /* UIView+Shimmering.swift */,
			);
			path = Views;
			sourceTree = "<group>";
		};
		A710CAE929A80AA50042BEA6 /* Feed Image Loader */ = {
			isa = PBXGroup;
			children = (
				A710CAEA29A80AD30042BEA6 /* FeedImageDataLoader.swift */,
			);
			path = "Feed Image Loader";
			sourceTree = "<group>";
		};
		A710CAEC29A80AF00042BEA6 /* Helpers */ = {
			isa = PBXGroup;
			children = (
				A710CAF029A80B3D0042BEA6 /* UIImage+TestHelpers.swift */,
				A710CAF229A80BA70042BEA6 /* UIRefreshControl+TestHelpers.swift */,
			);
			path = Helpers;
			sourceTree = "<group>";
		};
		A710CAED29A80AF60042BEA6 /* FeedUI */ = {
			isa = PBXGroup;
			children = (
				A710CAEE29A80AFD0042BEA6 /* Controllers */,
			);
			path = FeedUI;
			sourceTree = "<group>";
		};
		A710CAEE29A80AFD0042BEA6 /* Controllers */ = {
			isa = PBXGroup;
			children = (
				A710CAEF29A80B030042BEA6 /* Helpers */,
				A710CAD529A4DE940042BEA6 /* FeedViewControllerTests.swift */,
			);
			path = Controllers;
			sourceTree = "<group>";
		};
		A710CAEF29A80B030042BEA6 /* Helpers */ = {
			isa = PBXGroup;
			children = (
			);
			path = Helpers;
			sourceTree = "<group>";
		};
		A753BC18298E888A00A66D5C /* Helpers */ = {
			isa = PBXGroup;
			children = (
				A753BC19298E88B300A66D5C /* XCTestCase+MemoryLeakTracking.swift */,
				A762CCA72998293200FAAFEA /* SharedTestHelpers.swift */,
			);
			path = Helpers;
			sourceTree = "<group>";
		};
		A753BC222990542100A66D5C /* EssentialFeedAPIEndToEndTests */ = {
			isa = PBXGroup;
			children = (
				A753BC232990542100A66D5C /* EssentialFeedAPIEndToEndTests.swift */,
			);
			path = EssentialFeedAPIEndToEndTests;
			sourceTree = "<group>";
		};
		A75DDF742993FA56000A043F /* Feed Cache */ = {
			isa = PBXGroup;
			children = (
				A762CCB9299D168900FAAFEA /* FeedStoreSpecs */,
				A762CCA029968A0700FAAFEA /* Helpers */,
				A75DDF752993FA83000A043F /* CacheFeedUseCaseTests.swift */,
				A762CC9E2996891F00FAAFEA /* LoadFeedFromCacheUseCaseTests.swift */,
				A762CCA32998187C00FAAFEA /* ValidateFeedCacheUseCaseTests.swift */,
				A762CCBA299D391800FAAFEA /* CoreDataFeedStoreTests.swift */,
			);
			path = "Feed Cache";
			sourceTree = "<group>";
		};
		A75DDF77299500D9000A043F /* Feed Cache */ = {
			isa = PBXGroup;
			children = (
				A762CCD1299D4A8500FAAFEA /* Infrastructure */,
				A75DDF78299500EE000A043F /* LocalFeedLoader.swift */,
				A75DDF7A29950208000A043F /* FeedStore.swift */,
				A75DDF7E29955BBE000A043F /* LocalFeedImage.swift */,
				A762CCA929999D1200FAAFEA /* FeedCachePolicy.swift */,
			);
			path = "Feed Cache";
			sourceTree = "<group>";
		};
		A762CCA029968A0700FAAFEA /* Helpers */ = {
			isa = PBXGroup;
			children = (
				A762CCA129968A2700FAAFEA /* FeedStoreSpy.swift */,
				A762CCA52998288600FAAFEA /* FeedCacheTestHelpers.swift */,
			);
			path = Helpers;
			sourceTree = "<group>";
		};
		A762CCB9299D168900FAAFEA /* FeedStoreSpecs */ = {
			isa = PBXGroup;
			children = (
				A762CCAF299D125300FAAFEA /* FeedStoreSpecs.swift */,
				A762CCB7299D162E00FAAFEA /* XCTestCase+FailableDeleteFeedStoreSpecs.swift */,
				A762CCB1299D12D400FAAFEA /* XCTestCase+FeedStoreSpecs.swift */,
				A762CCB3299D155E00FAAFEA /* XCTestCase+FailableRetrieveFeedStoreSpecs.swift */,
				A762CCB5299D15D900FAAFEA /* XCTestCase+FailableInsertFeedStoreSpecs.swift */,
			);
			path = FeedStoreSpecs;
			sourceTree = "<group>";
		};
		A762CCD1299D4A8500FAAFEA /* Infrastructure */ = {
			isa = PBXGroup;
			children = (
				A762CCD2299D4AAC00FAAFEA /* CoreData */,
			);
			path = Infrastructure;
			sourceTree = "<group>";
		};
		A762CCD2299D4AAC00FAAFEA /* CoreData */ = {
			isa = PBXGroup;
			children = (
				A762CCBC299D395300FAAFEA /* CoreDataFeedStore.swift */,
				A762CCBE299D3A2A00FAAFEA /* FeedStore.xcdatamodeld */,
				A762CCD4299D4B7000FAAFEA /* CoreDataHelpers.swift */,
				A762CCD6299D4C2100FAAFEA /* ManagedCache.swift */,
				A762CCD8299D4C4D00FAAFEA /* ManagedFeedImage.swift */,
			);
			path = CoreData;
			sourceTree = "<group>";
		};
		A762CCDF299E77DC00FAAFEA /* EssentialFeedCacheIntegrationTests */ = {
			isa = PBXGroup;
			children = (
				A762CCE0299E77DC00FAAFEA /* EssentialFeedCacheIntegrationTests.swift */,
			);
			path = EssentialFeedCacheIntegrationTests;
			sourceTree = "<group>";
		};
		A79CCEDC29897A700018A77E = {
			isa = PBXGroup;
			children = (
				A79CCEE829897A700018A77E /* EssentialFeed */,
				A79CCEF429897A700018A77E /* EssentialFeedTests */,
				A753BC222990542100A66D5C /* EssentialFeedAPIEndToEndTests */,
				A762CCDF299E77DC00FAAFEA /* EssentialFeedCacheIntegrationTests */,
				A710CAC129A3BCFE0042BEA6 /* EssentialFeediOS */,
				A710CACB29A3BCFF0042BEA6 /* EssentialFeediOSTests */,
				A79CCEE729897A700018A77E /* Products */,
				A710CAD729A4E3E00042BEA6 /* Frameworks */,
			);
			sourceTree = "<group>";
		};
		A79CCEE729897A700018A77E /* Products */ = {
			isa = PBXGroup;
			children = (
				A79CCEE629897A700018A77E /* EssentialFeed.framework */,
				A79CCEF029897A700018A77E /* EssentialFeedTests.xctest */,
				A753BC212990542100A66D5C /* EssentialFeedAPIEndToEndTests.xctest */,
				A762CCDE299E77DC00FAAFEA /* EssentialFeedCacheIntegrationTests.xctest */,
				A710CAC029A3BCFE0042BEA6 /* EssentialFeediOS.framework */,
				A710CAC729A3BCFE0042BEA6 /* EssentialFeediOSTests.xctest */,
			);
			name = Products;
			sourceTree = "<group>";
		};
		A79CCEE829897A700018A77E /* EssentialFeed */ = {
			isa = PBXGroup;
			children = (
				A75DDF77299500D9000A043F /* Feed Cache */,
				A79CCEE929897A700018A77E /* EssentialFeed.h */,
				A79CCEEA29897A700018A77E /* EssentialFeed.docc */,
				A79CCF0429897CD20018A77E /* Feed Feature */,
				A79CCF07298A815B0018A77E /* Feed API */,
			);
			path = EssentialFeed;
			sourceTree = "<group>";
		};
		A79CCEF429897A700018A77E /* EssentialFeedTests */ = {
			isa = PBXGroup;
			children = (
				A753BC18298E888A00A66D5C /* Helpers */,
				A75DDF742993FA56000A043F /* Feed Cache */,
				A79CCF0E298C05B20018A77E /* Feed API */,
			);
			path = EssentialFeedTests;
			sourceTree = "<group>";
		};
		A79CCF0429897CD20018A77E /* Feed Feature */ = {
			isa = PBXGroup;
			children = (
				A79CCF0029897ABC0018A77E /* FeedItem.swift */,
				A79CCF0229897BEF0018A77E /* FeedLoader.swift */,
			);
			path = "Feed Feature";
			sourceTree = "<group>";
		};
		A79CCF07298A815B0018A77E /* Feed API */ = {
			isa = PBXGroup;
			children = (
				A79CCF08298A817D0018A77E /* RemoteFeedLoader.swift */,
				A79CCF0A298BFCE40018A77E /* HTTPClient.swift */,
				A79CCF0C298BFD2F0018A77E /* FeedItemsMapper.swift */,
				A753BC1B298FB79300A66D5C /* URLSessionHTTPClient.swift */,
				A75DDF7C29955B68000A043F /* RemoteFeedItem.swift */,
			);
			path = "Feed API";
			sourceTree = "<group>";
		};
		A79CCF0E298C05B20018A77E /* Feed API */ = {
			isa = PBXGroup;
			children = (
				A79CCF05298A717E0018A77E /* RemoteFeedLoaderTests.swift */,
				A753BC16298D346400A66D5C /* URLSessionHTTPClientTests.swift */,
			);
			path = "Feed API";
			sourceTree = "<group>";
		};
/* End PBXGroup section */

/* Begin PBXHeadersBuildPhase section */
		A710CABB29A3BCFE0042BEA6 /* Headers */ = {
			isa = PBXHeadersBuildPhase;
			buildActionMask = 2147483647;
			files = (
			);
			runOnlyForDeploymentPostprocessing = 0;
		};
		A79CCEE129897A700018A77E /* Headers */ = {
			isa = PBXHeadersBuildPhase;
			buildActionMask = 2147483647;
			files = (
				A79CCEF729897A700018A77E /* EssentialFeed.h in Headers */,
			);
			runOnlyForDeploymentPostprocessing = 0;
		};
/* End PBXHeadersBuildPhase section */

/* Begin PBXNativeTarget section */
		A710CABF29A3BCFE0042BEA6 /* EssentialFeediOS */ = {
			isa = PBXNativeTarget;
			buildConfigurationList = A710CACF29A3BCFF0042BEA6 /* Build configuration list for PBXNativeTarget "EssentialFeediOS" */;
			buildPhases = (
				A710CABB29A3BCFE0042BEA6 /* Headers */,
				A710CABC29A3BCFE0042BEA6 /* Sources */,
				A710CABD29A3BCFE0042BEA6 /* Frameworks */,
				A710CABE29A3BCFE0042BEA6 /* Resources */,
				A710CADC29A4E3E00042BEA6 /* Embed Frameworks */,
			);
			buildRules = (
			);
			dependencies = (
				A710CADB29A4E3E00042BEA6 /* PBXTargetDependency */,
			);
			name = EssentialFeediOS;
			productName = EssentialFeediOS;
			productReference = A710CAC029A3BCFE0042BEA6 /* EssentialFeediOS.framework */;
			productType = "com.apple.product-type.framework";
		};
		A710CAC629A3BCFE0042BEA6 /* EssentialFeediOSTests */ = {
			isa = PBXNativeTarget;
			buildConfigurationList = A710CAD229A3BCFF0042BEA6 /* Build configuration list for PBXNativeTarget "EssentialFeediOSTests" */;
			buildPhases = (
				A710CAC329A3BCFE0042BEA6 /* Sources */,
				A710CAC429A3BCFE0042BEA6 /* Frameworks */,
				A710CAC529A3BCFE0042BEA6 /* Resources */,
			);
			buildRules = (
			);
			dependencies = (
				A710CACA29A3BCFE0042BEA6 /* PBXTargetDependency */,
			);
			name = EssentialFeediOSTests;
			productName = EssentialFeediOSTests;
			productReference = A710CAC729A3BCFE0042BEA6 /* EssentialFeediOSTests.xctest */;
			productType = "com.apple.product-type.bundle.unit-test";
		};
		A753BC202990542100A66D5C /* EssentialFeedAPIEndToEndTests */ = {
			isa = PBXNativeTarget;
			buildConfigurationList = A753BC282990542100A66D5C /* Build configuration list for PBXNativeTarget "EssentialFeedAPIEndToEndTests" */;
			buildPhases = (
				A753BC1D2990542100A66D5C /* Sources */,
				A753BC1E2990542100A66D5C /* Frameworks */,
				A753BC1F2990542100A66D5C /* Resources */,
			);
			buildRules = (
			);
			dependencies = (
				A753BC272990542100A66D5C /* PBXTargetDependency */,
			);
			name = EssentialFeedAPIEndToEndTests;
			productName = EssentialFeedAPIEndToEndTests;
			productReference = A753BC212990542100A66D5C /* EssentialFeedAPIEndToEndTests.xctest */;
			productType = "com.apple.product-type.bundle.unit-test";
		};
		A762CCDD299E77DC00FAAFEA /* EssentialFeedCacheIntegrationTests */ = {
			isa = PBXNativeTarget;
			buildConfigurationList = A762CCE7299E77DC00FAAFEA /* Build configuration list for PBXNativeTarget "EssentialFeedCacheIntegrationTests" */;
			buildPhases = (
				A762CCDA299E77DC00FAAFEA /* Sources */,
				A762CCDB299E77DC00FAAFEA /* Frameworks */,
				A762CCDC299E77DC00FAAFEA /* Resources */,
			);
			buildRules = (
			);
			dependencies = (
				A762CCE4299E77DC00FAAFEA /* PBXTargetDependency */,
			);
			name = EssentialFeedCacheIntegrationTests;
			productName = EssentialFeedCacheIntegrationTests;
			productReference = A762CCDE299E77DC00FAAFEA /* EssentialFeedCacheIntegrationTests.xctest */;
			productType = "com.apple.product-type.bundle.unit-test";
		};
		A79CCEE529897A700018A77E /* EssentialFeed */ = {
			isa = PBXNativeTarget;
			buildConfigurationList = A79CCEFA29897A700018A77E /* Build configuration list for PBXNativeTarget "EssentialFeed" */;
			buildPhases = (
				A79CCEE129897A700018A77E /* Headers */,
				A79CCEE229897A700018A77E /* Sources */,
				A79CCEE329897A700018A77E /* Frameworks */,
				A79CCEE429897A700018A77E /* Resources */,
			);
			buildRules = (
			);
			dependencies = (
			);
			name = EssentialFeed;
			productName = EssentialFeed;
			productReference = A79CCEE629897A700018A77E /* EssentialFeed.framework */;
			productType = "com.apple.product-type.framework";
		};
		A79CCEEF29897A700018A77E /* EssentialFeedTests */ = {
			isa = PBXNativeTarget;
			buildConfigurationList = A79CCEFD29897A700018A77E /* Build configuration list for PBXNativeTarget "EssentialFeedTests" */;
			buildPhases = (
				A79CCEEC29897A700018A77E /* Sources */,
				A79CCEED29897A700018A77E /* Frameworks */,
				A79CCEEE29897A700018A77E /* Resources */,
			);
			buildRules = (
			);
			dependencies = (
				A79CCEF329897A700018A77E /* PBXTargetDependency */,
			);
			name = EssentialFeedTests;
			productName = EssentialFeedTests;
			productReference = A79CCEF029897A700018A77E /* EssentialFeedTests.xctest */;
			productType = "com.apple.product-type.bundle.unit-test";
		};
/* End PBXNativeTarget section */

/* Begin PBXProject section */
		A79CCEDD29897A700018A77E /* Project object */ = {
			isa = PBXProject;
			attributes = {
				BuildIndependentTargetsInParallel = 1;
				LastSwiftUpdateCheck = 1420;
				LastUpgradeCheck = 1420;
				TargetAttributes = {
					A710CABF29A3BCFE0042BEA6 = {
						CreatedOnToolsVersion = 14.2;
						LastSwiftMigration = 1420;
					};
					A710CAC629A3BCFE0042BEA6 = {
						CreatedOnToolsVersion = 14.2;
						LastSwiftMigration = 1420;
					};
					A753BC202990542100A66D5C = {
						CreatedOnToolsVersion = 13.4.1;
					};
					A762CCDD299E77DC00FAAFEA = {
						CreatedOnToolsVersion = 14.2;
					};
					A79CCEE529897A700018A77E = {
						CreatedOnToolsVersion = 13.4.1;
					};
					A79CCEEF29897A700018A77E = {
						CreatedOnToolsVersion = 13.4.1;
					};
				};
			};
			buildConfigurationList = A79CCEE029897A700018A77E /* Build configuration list for PBXProject "EssentialFeed" */;
			compatibilityVersion = "Xcode 13.0";
			developmentRegion = en;
			hasScannedForEncodings = 0;
			knownRegions = (
				en,
				Base,
			);
			mainGroup = A79CCEDC29897A700018A77E;
			productRefGroup = A79CCEE729897A700018A77E /* Products */;
			projectDirPath = "";
			projectRoot = "";
			targets = (
				A79CCEE529897A700018A77E /* EssentialFeed */,
				A79CCEEF29897A700018A77E /* EssentialFeedTests */,
				A753BC202990542100A66D5C /* EssentialFeedAPIEndToEndTests */,
				A762CCDD299E77DC00FAAFEA /* EssentialFeedCacheIntegrationTests */,
				A710CABF29A3BCFE0042BEA6 /* EssentialFeediOS */,
				A710CAC629A3BCFE0042BEA6 /* EssentialFeediOSTests */,
			);
		};
/* End PBXProject section */

/* Begin PBXResourcesBuildPhase section */
		A710CABE29A3BCFE0042BEA6 /* Resources */ = {
			isa = PBXResourcesBuildPhase;
			buildActionMask = 2147483647;
			files = (
			);
			runOnlyForDeploymentPostprocessing = 0;
		};
		A710CAC529A3BCFE0042BEA6 /* Resources */ = {
			isa = PBXResourcesBuildPhase;
			buildActionMask = 2147483647;
			files = (
			);
			runOnlyForDeploymentPostprocessing = 0;
		};
		A753BC1F2990542100A66D5C /* Resources */ = {
			isa = PBXResourcesBuildPhase;
			buildActionMask = 2147483647;
			files = (
			);
			runOnlyForDeploymentPostprocessing = 0;
		};
		A762CCDC299E77DC00FAAFEA /* Resources */ = {
			isa = PBXResourcesBuildPhase;
			buildActionMask = 2147483647;
			files = (
			);
			runOnlyForDeploymentPostprocessing = 0;
		};
		A79CCEE429897A700018A77E /* Resources */ = {
			isa = PBXResourcesBuildPhase;
			buildActionMask = 2147483647;
			files = (
			);
			runOnlyForDeploymentPostprocessing = 0;
		};
		A79CCEEE29897A700018A77E /* Resources */ = {
			isa = PBXResourcesBuildPhase;
			buildActionMask = 2147483647;
			files = (
			);
			runOnlyForDeploymentPostprocessing = 0;
		};
/* End PBXResourcesBuildPhase section */

/* Begin PBXSourcesBuildPhase section */
		A710CABC29A3BCFE0042BEA6 /* Sources */ = {
			isa = PBXSourcesBuildPhase;
			buildActionMask = 2147483647;
			files = (
				A710CAEB29A80AD30042BEA6 /* FeedImageDataLoader.swift in Sources */,
				A710CAE529A7BA170042BEA6 /* UIView+Shimmering.swift in Sources */,
				A710CAE129A626050042BEA6 /* FeedViewController.swift in Sources */,
				A710CAE329A794FF0042BEA6 /* FeedImageCell.swift in Sources */,
			);
			runOnlyForDeploymentPostprocessing = 0;
		};
		A710CAC329A3BCFE0042BEA6 /* Sources */ = {
			isa = PBXSourcesBuildPhase;
			buildActionMask = 2147483647;
			files = (
				A710CAD629A4DE940042BEA6 /* FeedViewControllerTests.swift in Sources */,
				A710CAF329A80BA70042BEA6 /* UIRefreshControl+TestHelpers.swift in Sources */,
				A710CADF29A614AF0042BEA6 /* XCTestCase+MemoryLeakTracking.swift in Sources */,
				A710CAF129A80B3D0042BEA6 /* UIImage+TestHelpers.swift in Sources */,
			);
			runOnlyForDeploymentPostprocessing = 0;
		};
		A753BC1D2990542100A66D5C /* Sources */ = {
			isa = PBXSourcesBuildPhase;
			buildActionMask = 2147483647;
			files = (
				A753BC242990542100A66D5C /* EssentialFeedAPIEndToEndTests.swift in Sources */,
				A75AB8DE299103EB00679DB6 /* XCTestCase+MemoryLeakTracking.swift in Sources */,
			);
			runOnlyForDeploymentPostprocessing = 0;
		};
		A762CCDA299E77DC00FAAFEA /* Sources */ = {
			isa = PBXSourcesBuildPhase;
			buildActionMask = 2147483647;
			files = (
				A762CCEA299E79DF00FAAFEA /* FeedCacheTestHelpers.swift in Sources */,
				A762CCE1299E77DC00FAAFEA /* EssentialFeedCacheIntegrationTests.swift in Sources */,
				A762CCE8299E793F00FAAFEA /* XCTestCase+MemoryLeakTracking.swift in Sources */,
				A762CCE9299E79D500FAAFEA /* SharedTestHelpers.swift in Sources */,
			);
			runOnlyForDeploymentPostprocessing = 0;
		};
		A79CCEE229897A700018A77E /* Sources */ = {
			isa = PBXSourcesBuildPhase;
			buildActionMask = 2147483647;
			files = (
				A75DDF7F29955BBE000A043F /* LocalFeedImage.swift in Sources */,
				A762CCC0299D3A2A00FAAFEA /* FeedStore.xcdatamodeld in Sources */,
				A75DDF7B29950208000A043F /* FeedStore.swift in Sources */,
				A753BC1C298FB79300A66D5C /* URLSessionHTTPClient.swift in Sources */,
				A79CCF09298A817D0018A77E /* RemoteFeedLoader.swift in Sources */,
				A79CCF0B298BFCE40018A77E /* HTTPClient.swift in Sources */,
				A762CCD5299D4B7000FAAFEA /* CoreDataHelpers.swift in Sources */,
				A79CCF0329897BEF0018A77E /* FeedLoader.swift in Sources */,
				A762CCBD299D395300FAAFEA /* CoreDataFeedStore.swift in Sources */,
				A762CCD7299D4C2100FAAFEA /* ManagedCache.swift in Sources */,
				A79CCF0D298BFD2F0018A77E /* FeedItemsMapper.swift in Sources */,
				A75DDF7D29955B68000A043F /* RemoteFeedItem.swift in Sources */,
				A762CCAA29999D1200FAAFEA /* FeedCachePolicy.swift in Sources */,
				A79CCEEB29897A700018A77E /* EssentialFeed.docc in Sources */,
				A762CCD9299D4C4D00FAAFEA /* ManagedFeedImage.swift in Sources */,
				A75DDF79299500EE000A043F /* LocalFeedLoader.swift in Sources */,
				A79CCF0129897ABC0018A77E /* FeedItem.swift in Sources */,
			);
			runOnlyForDeploymentPostprocessing = 0;
		};
		A79CCEEC29897A700018A77E /* Sources */ = {
			isa = PBXSourcesBuildPhase;
			buildActionMask = 2147483647;
			files = (
				A762CCA62998288600FAAFEA /* FeedCacheTestHelpers.swift in Sources */,
				A762CCA42998187C00FAAFEA /* ValidateFeedCacheUseCaseTests.swift in Sources */,
				A79CCF06298A717E0018A77E /* RemoteFeedLoaderTests.swift in Sources */,
				A762CCB6299D15D900FAAFEA /* XCTestCase+FailableInsertFeedStoreSpecs.swift in Sources */,
				A753BC17298D346400A66D5C /* URLSessionHTTPClientTests.swift in Sources */,
				A762CCA229968A2700FAAFEA /* FeedStoreSpy.swift in Sources */,
				A762CCA82998293200FAAFEA /* SharedTestHelpers.swift in Sources */,
				A75DDF762993FA83000A043F /* CacheFeedUseCaseTests.swift in Sources */,
				A762CCB8299D162E00FAAFEA /* XCTestCase+FailableDeleteFeedStoreSpecs.swift in Sources */,
				A762CCB4299D155E00FAAFEA /* XCTestCase+FailableRetrieveFeedStoreSpecs.swift in Sources */,
				A762CC9F2996891F00FAAFEA /* LoadFeedFromCacheUseCaseTests.swift in Sources */,
				A762CCB0299D125300FAAFEA /* FeedStoreSpecs.swift in Sources */,
				A753BC1A298E88B300A66D5C /* XCTestCase+MemoryLeakTracking.swift in Sources */,
				A762CCBB299D391800FAAFEA /* CoreDataFeedStoreTests.swift in Sources */,
				A762CCB2299D12D400FAAFEA /* XCTestCase+FeedStoreSpecs.swift in Sources */,
			);
			runOnlyForDeploymentPostprocessing = 0;
		};
/* End PBXSourcesBuildPhase section */

/* Begin PBXTargetDependency section */
		A710CACA29A3BCFE0042BEA6 /* PBXTargetDependency */ = {
			isa = PBXTargetDependency;
			target = A710CABF29A3BCFE0042BEA6 /* EssentialFeediOS */;
			targetProxy = A710CAC929A3BCFE0042BEA6 /* PBXContainerItemProxy */;
		};
		A710CADB29A4E3E00042BEA6 /* PBXTargetDependency */ = {
			isa = PBXTargetDependency;
			target = A79CCEE529897A700018A77E /* EssentialFeed */;
			targetProxy = A710CADA29A4E3E00042BEA6 /* PBXContainerItemProxy */;
		};
		A753BC272990542100A66D5C /* PBXTargetDependency */ = {
			isa = PBXTargetDependency;
			target = A79CCEE529897A700018A77E /* EssentialFeed */;
			targetProxy = A753BC262990542100A66D5C /* PBXContainerItemProxy */;
		};
		A762CCE4299E77DC00FAAFEA /* PBXTargetDependency */ = {
			isa = PBXTargetDependency;
			target = A79CCEE529897A700018A77E /* EssentialFeed */;
			targetProxy = A762CCE3299E77DC00FAAFEA /* PBXContainerItemProxy */;
		};
		A79CCEF329897A700018A77E /* PBXTargetDependency */ = {
			isa = PBXTargetDependency;
			target = A79CCEE529897A700018A77E /* EssentialFeed */;
			targetProxy = A79CCEF229897A700018A77E /* PBXContainerItemProxy */;
		};
/* End PBXTargetDependency section */

/* Begin XCBuildConfiguration section */
		A710CAD029A3BCFF0042BEA6 /* Debug */ = {
			isa = XCBuildConfiguration;
			buildSettings = {
				CLANG_CXX_LANGUAGE_STANDARD = "gnu++20";
				CLANG_ENABLE_MODULES = YES;
				CODE_SIGN_STYLE = Automatic;
				CURRENT_PROJECT_VERSION = 1;
				DEFINES_MODULE = YES;
				DEVELOPMENT_TEAM = LQ5V6Z6532;
				DYLIB_COMPATIBILITY_VERSION = 1;
				DYLIB_CURRENT_VERSION = 1;
				DYLIB_INSTALL_NAME_BASE = "@rpath";
				GENERATE_INFOPLIST_FILE = YES;
				INFOPLIST_KEY_NSHumanReadableCopyright = "";
				INSTALL_PATH = "$(LOCAL_LIBRARY_DIR)/Frameworks";
				IPHONEOS_DEPLOYMENT_TARGET = 16.2;
				LD_RUNPATH_SEARCH_PATHS = (
					"$(inherited)",
					"@executable_path/Frameworks",
					"@loader_path/Frameworks",
				);
				MARKETING_VERSION = 1.0;
				PRODUCT_BUNDLE_IDENTIFIER = None.EssentialFeediOS;
				PRODUCT_NAME = "$(TARGET_NAME:c99extidentifier)";
				SDKROOT = iphoneos;
				SKIP_INSTALL = YES;
				SUPPORTED_PLATFORMS = "iphoneos iphonesimulator";
				SUPPORTS_MACCATALYST = NO;
				SUPPORTS_MAC_DESIGNED_FOR_IPHONE_IPAD = NO;
				SWIFT_EMIT_LOC_STRINGS = YES;
				SWIFT_OPTIMIZATION_LEVEL = "-Onone";
				SWIFT_VERSION = 5.0;
				TARGETED_DEVICE_FAMILY = 1;
			};
			name = Debug;
		};
		A710CAD129A3BCFF0042BEA6 /* Release */ = {
			isa = XCBuildConfiguration;
			buildSettings = {
				CLANG_CXX_LANGUAGE_STANDARD = "gnu++20";
				CLANG_ENABLE_MODULES = YES;
				CODE_SIGN_STYLE = Automatic;
				CURRENT_PROJECT_VERSION = 1;
				DEFINES_MODULE = YES;
				DEVELOPMENT_TEAM = LQ5V6Z6532;
				DYLIB_COMPATIBILITY_VERSION = 1;
				DYLIB_CURRENT_VERSION = 1;
				DYLIB_INSTALL_NAME_BASE = "@rpath";
				GENERATE_INFOPLIST_FILE = YES;
				INFOPLIST_KEY_NSHumanReadableCopyright = "";
				INSTALL_PATH = "$(LOCAL_LIBRARY_DIR)/Frameworks";
				IPHONEOS_DEPLOYMENT_TARGET = 16.2;
				LD_RUNPATH_SEARCH_PATHS = (
					"$(inherited)",
					"@executable_path/Frameworks",
					"@loader_path/Frameworks",
				);
				MARKETING_VERSION = 1.0;
				PRODUCT_BUNDLE_IDENTIFIER = None.EssentialFeediOS;
				PRODUCT_NAME = "$(TARGET_NAME:c99extidentifier)";
				SDKROOT = iphoneos;
				SKIP_INSTALL = YES;
				SUPPORTED_PLATFORMS = "iphoneos iphonesimulator";
				SUPPORTS_MACCATALYST = NO;
				SUPPORTS_MAC_DESIGNED_FOR_IPHONE_IPAD = NO;
				SWIFT_EMIT_LOC_STRINGS = YES;
				SWIFT_VERSION = 5.0;
				TARGETED_DEVICE_FAMILY = 1;
				VALIDATE_PRODUCT = YES;
			};
			name = Release;
		};
		A710CAD329A3BCFF0042BEA6 /* Debug */ = {
			isa = XCBuildConfiguration;
			buildSettings = {
				ALWAYS_EMBED_SWIFT_STANDARD_LIBRARIES = YES;
				CLANG_CXX_LANGUAGE_STANDARD = "gnu++20";
				CLANG_ENABLE_MODULES = YES;
				CODE_SIGN_STYLE = Automatic;
				CURRENT_PROJECT_VERSION = 1;
				DEVELOPMENT_TEAM = LQ5V6Z6532;
				GENERATE_INFOPLIST_FILE = YES;
				IPHONEOS_DEPLOYMENT_TARGET = 16.2;
				LD_RUNPATH_SEARCH_PATHS = (
					"$(inherited)",
					"@executable_path/Frameworks",
					"@loader_path/Frameworks",
				);
				MARKETING_VERSION = 1.0;
				PRODUCT_BUNDLE_IDENTIFIER = None.EssentialFeediOSTests;
				PRODUCT_NAME = "$(TARGET_NAME)";
				SDKROOT = iphoneos;
				SUPPORTED_PLATFORMS = "iphoneos iphonesimulator";
				SUPPORTS_MACCATALYST = NO;
				SUPPORTS_MAC_DESIGNED_FOR_IPHONE_IPAD = NO;
				SWIFT_EMIT_LOC_STRINGS = NO;
				SWIFT_OPTIMIZATION_LEVEL = "-Onone";
				SWIFT_VERSION = 5.0;
				TARGETED_DEVICE_FAMILY = 1;
			};
			name = Debug;
		};
		A710CAD429A3BCFF0042BEA6 /* Release */ = {
			isa = XCBuildConfiguration;
			buildSettings = {
				ALWAYS_EMBED_SWIFT_STANDARD_LIBRARIES = YES;
				CLANG_CXX_LANGUAGE_STANDARD = "gnu++20";
				CLANG_ENABLE_MODULES = YES;
				CODE_SIGN_STYLE = Automatic;
				CURRENT_PROJECT_VERSION = 1;
				DEVELOPMENT_TEAM = LQ5V6Z6532;
				GENERATE_INFOPLIST_FILE = YES;
				IPHONEOS_DEPLOYMENT_TARGET = 16.2;
				LD_RUNPATH_SEARCH_PATHS = (
					"$(inherited)",
					"@executable_path/Frameworks",
					"@loader_path/Frameworks",
				);
				MARKETING_VERSION = 1.0;
				PRODUCT_BUNDLE_IDENTIFIER = None.EssentialFeediOSTests;
				PRODUCT_NAME = "$(TARGET_NAME)";
				SDKROOT = iphoneos;
				SUPPORTED_PLATFORMS = "iphoneos iphonesimulator";
				SUPPORTS_MACCATALYST = NO;
				SUPPORTS_MAC_DESIGNED_FOR_IPHONE_IPAD = NO;
				SWIFT_EMIT_LOC_STRINGS = NO;
				SWIFT_VERSION = 5.0;
				TARGETED_DEVICE_FAMILY = 1;
				VALIDATE_PRODUCT = YES;
			};
			name = Release;
		};
		A753BC292990542100A66D5C /* Debug */ = {
			isa = XCBuildConfiguration;
			buildSettings = {
				CODE_SIGN_STYLE = Automatic;
				CURRENT_PROJECT_VERSION = 1;
				DEAD_CODE_STRIPPING = YES;
				DEVELOPMENT_TEAM = LQ5V6Z6532;
				GENERATE_INFOPLIST_FILE = YES;
				MARKETING_VERSION = 1.0;
				PRODUCT_BUNDLE_IDENTIFIER = None.EssentialFeedAPIEndToEndTests;
				PRODUCT_NAME = "$(TARGET_NAME)";
				SUPPORTED_PLATFORMS = "iphoneos iphonesimulator macosx";
				SUPPORTS_MACCATALYST = NO;
				SUPPORTS_MAC_DESIGNED_FOR_IPHONE_IPAD = NO;
				SWIFT_EMIT_LOC_STRINGS = NO;
				SWIFT_VERSION = 5.0;
				TARGETED_DEVICE_FAMILY = 1;
			};
			name = Debug;
		};
		A753BC2A2990542100A66D5C /* Release */ = {
			isa = XCBuildConfiguration;
			buildSettings = {
				CODE_SIGN_STYLE = Automatic;
				CURRENT_PROJECT_VERSION = 1;
				DEAD_CODE_STRIPPING = YES;
				DEVELOPMENT_TEAM = LQ5V6Z6532;
				GENERATE_INFOPLIST_FILE = YES;
				MARKETING_VERSION = 1.0;
				PRODUCT_BUNDLE_IDENTIFIER = None.EssentialFeedAPIEndToEndTests;
				PRODUCT_NAME = "$(TARGET_NAME)";
				SUPPORTED_PLATFORMS = "iphoneos iphonesimulator macosx";
				SUPPORTS_MACCATALYST = NO;
				SUPPORTS_MAC_DESIGNED_FOR_IPHONE_IPAD = NO;
				SWIFT_EMIT_LOC_STRINGS = NO;
				SWIFT_VERSION = 5.0;
				TARGETED_DEVICE_FAMILY = 1;
			};
			name = Release;
		};
		A762CCE5299E77DC00FAAFEA /* Debug */ = {
			isa = XCBuildConfiguration;
			buildSettings = {
				CLANG_CXX_LANGUAGE_STANDARD = "gnu++20";
				CODE_SIGN_STYLE = Automatic;
				CURRENT_PROJECT_VERSION = 1;
				DEVELOPMENT_TEAM = LQ5V6Z6532;
				GENERATE_INFOPLIST_FILE = YES;
				MACOSX_DEPLOYMENT_TARGET = 12.6;
				MARKETING_VERSION = 1.0;
				PRODUCT_BUNDLE_IDENTIFIER = None.EssentialFeedCacheIntegrationTests;
				PRODUCT_NAME = "$(TARGET_NAME)";
				SUPPORTED_PLATFORMS = "iphoneos iphonesimulator macosx";
				SUPPORTS_MACCATALYST = NO;
				SUPPORTS_MAC_DESIGNED_FOR_IPHONE_IPAD = NO;
				SWIFT_EMIT_LOC_STRINGS = NO;
				SWIFT_VERSION = 5.0;
				TARGETED_DEVICE_FAMILY = 1;
			};
			name = Debug;
		};
		A762CCE6299E77DC00FAAFEA /* Release */ = {
			isa = XCBuildConfiguration;
			buildSettings = {
				CLANG_CXX_LANGUAGE_STANDARD = "gnu++20";
				CODE_SIGN_STYLE = Automatic;
				CURRENT_PROJECT_VERSION = 1;
				DEVELOPMENT_TEAM = LQ5V6Z6532;
				GENERATE_INFOPLIST_FILE = YES;
				MACOSX_DEPLOYMENT_TARGET = 12.6;
				MARKETING_VERSION = 1.0;
				PRODUCT_BUNDLE_IDENTIFIER = None.EssentialFeedCacheIntegrationTests;
				PRODUCT_NAME = "$(TARGET_NAME)";
				SUPPORTED_PLATFORMS = "iphoneos iphonesimulator macosx";
				SUPPORTS_MACCATALYST = NO;
				SUPPORTS_MAC_DESIGNED_FOR_IPHONE_IPAD = NO;
				SWIFT_EMIT_LOC_STRINGS = NO;
				SWIFT_VERSION = 5.0;
				TARGETED_DEVICE_FAMILY = 1;
			};
			name = Release;
		};
		A79CCEF829897A700018A77E /* Debug */ = {
			isa = XCBuildConfiguration;
			buildSettings = {
				ALWAYS_SEARCH_USER_PATHS = NO;
				CLANG_ANALYZER_NONNULL = YES;
				CLANG_ANALYZER_NUMBER_OBJECT_CONVERSION = YES_AGGRESSIVE;
				CLANG_CXX_LANGUAGE_STANDARD = "gnu++17";
				CLANG_ENABLE_MODULES = YES;
				CLANG_ENABLE_OBJC_ARC = YES;
				CLANG_ENABLE_OBJC_WEAK = YES;
				CLANG_WARN_BLOCK_CAPTURE_AUTORELEASING = YES;
				CLANG_WARN_BOOL_CONVERSION = YES;
				CLANG_WARN_COMMA = YES;
				CLANG_WARN_CONSTANT_CONVERSION = YES;
				CLANG_WARN_DEPRECATED_OBJC_IMPLEMENTATIONS = YES;
				CLANG_WARN_DIRECT_OBJC_ISA_USAGE = YES_ERROR;
				CLANG_WARN_DOCUMENTATION_COMMENTS = YES;
				CLANG_WARN_EMPTY_BODY = YES;
				CLANG_WARN_ENUM_CONVERSION = YES;
				CLANG_WARN_INFINITE_RECURSION = YES;
				CLANG_WARN_INT_CONVERSION = YES;
				CLANG_WARN_NON_LITERAL_NULL_CONVERSION = YES;
				CLANG_WARN_OBJC_IMPLICIT_RETAIN_SELF = YES;
				CLANG_WARN_OBJC_LITERAL_CONVERSION = YES;
				CLANG_WARN_OBJC_ROOT_CLASS = YES_ERROR;
				CLANG_WARN_QUOTED_INCLUDE_IN_FRAMEWORK_HEADER = YES;
				CLANG_WARN_RANGE_LOOP_ANALYSIS = YES;
				CLANG_WARN_STRICT_PROTOTYPES = YES;
				CLANG_WARN_SUSPICIOUS_MOVE = YES;
				CLANG_WARN_UNGUARDED_AVAILABILITY = YES_AGGRESSIVE;
				CLANG_WARN_UNREACHABLE_CODE = YES;
				CLANG_WARN__DUPLICATE_METHOD_MATCH = YES;
				COPY_PHASE_STRIP = NO;
				CURRENT_PROJECT_VERSION = 1;
				DEAD_CODE_STRIPPING = YES;
				DEBUG_INFORMATION_FORMAT = dwarf;
				ENABLE_STRICT_OBJC_MSGSEND = YES;
				ENABLE_TESTABILITY = YES;
				GCC_C_LANGUAGE_STANDARD = gnu11;
				GCC_DYNAMIC_NO_PIC = NO;
				GCC_NO_COMMON_BLOCKS = YES;
				GCC_OPTIMIZATION_LEVEL = 0;
				GCC_PREPROCESSOR_DEFINITIONS = (
					"DEBUG=1",
					"$(inherited)",
				);
				GCC_WARN_64_TO_32_BIT_CONVERSION = YES;
				GCC_WARN_ABOUT_RETURN_TYPE = YES_ERROR;
				GCC_WARN_UNDECLARED_SELECTOR = YES;
				GCC_WARN_UNINITIALIZED_AUTOS = YES_AGGRESSIVE;
				GCC_WARN_UNUSED_FUNCTION = YES;
				GCC_WARN_UNUSED_VARIABLE = YES;
				MACOSX_DEPLOYMENT_TARGET = 12.3;
				MTL_ENABLE_DEBUG_INFO = INCLUDE_SOURCE;
				MTL_FAST_MATH = YES;
				ONLY_ACTIVE_ARCH = YES;
				SDKROOT = macosx;
				SWIFT_ACTIVE_COMPILATION_CONDITIONS = DEBUG;
				SWIFT_OPTIMIZATION_LEVEL = "-Onone";
				VERSIONING_SYSTEM = "apple-generic";
				VERSION_INFO_PREFIX = "";
			};
			name = Debug;
		};
		A79CCEF929897A700018A77E /* Release */ = {
			isa = XCBuildConfiguration;
			buildSettings = {
				ALWAYS_SEARCH_USER_PATHS = NO;
				CLANG_ANALYZER_NONNULL = YES;
				CLANG_ANALYZER_NUMBER_OBJECT_CONVERSION = YES_AGGRESSIVE;
				CLANG_CXX_LANGUAGE_STANDARD = "gnu++17";
				CLANG_ENABLE_MODULES = YES;
				CLANG_ENABLE_OBJC_ARC = YES;
				CLANG_ENABLE_OBJC_WEAK = YES;
				CLANG_WARN_BLOCK_CAPTURE_AUTORELEASING = YES;
				CLANG_WARN_BOOL_CONVERSION = YES;
				CLANG_WARN_COMMA = YES;
				CLANG_WARN_CONSTANT_CONVERSION = YES;
				CLANG_WARN_DEPRECATED_OBJC_IMPLEMENTATIONS = YES;
				CLANG_WARN_DIRECT_OBJC_ISA_USAGE = YES_ERROR;
				CLANG_WARN_DOCUMENTATION_COMMENTS = YES;
				CLANG_WARN_EMPTY_BODY = YES;
				CLANG_WARN_ENUM_CONVERSION = YES;
				CLANG_WARN_INFINITE_RECURSION = YES;
				CLANG_WARN_INT_CONVERSION = YES;
				CLANG_WARN_NON_LITERAL_NULL_CONVERSION = YES;
				CLANG_WARN_OBJC_IMPLICIT_RETAIN_SELF = YES;
				CLANG_WARN_OBJC_LITERAL_CONVERSION = YES;
				CLANG_WARN_OBJC_ROOT_CLASS = YES_ERROR;
				CLANG_WARN_QUOTED_INCLUDE_IN_FRAMEWORK_HEADER = YES;
				CLANG_WARN_RANGE_LOOP_ANALYSIS = YES;
				CLANG_WARN_STRICT_PROTOTYPES = YES;
				CLANG_WARN_SUSPICIOUS_MOVE = YES;
				CLANG_WARN_UNGUARDED_AVAILABILITY = YES_AGGRESSIVE;
				CLANG_WARN_UNREACHABLE_CODE = YES;
				CLANG_WARN__DUPLICATE_METHOD_MATCH = YES;
				COPY_PHASE_STRIP = NO;
				CURRENT_PROJECT_VERSION = 1;
				DEAD_CODE_STRIPPING = YES;
				DEBUG_INFORMATION_FORMAT = "dwarf-with-dsym";
				ENABLE_NS_ASSERTIONS = NO;
				ENABLE_STRICT_OBJC_MSGSEND = YES;
				GCC_C_LANGUAGE_STANDARD = gnu11;
				GCC_NO_COMMON_BLOCKS = YES;
				GCC_WARN_64_TO_32_BIT_CONVERSION = YES;
				GCC_WARN_ABOUT_RETURN_TYPE = YES_ERROR;
				GCC_WARN_UNDECLARED_SELECTOR = YES;
				GCC_WARN_UNINITIALIZED_AUTOS = YES_AGGRESSIVE;
				GCC_WARN_UNUSED_FUNCTION = YES;
				GCC_WARN_UNUSED_VARIABLE = YES;
				MACOSX_DEPLOYMENT_TARGET = 12.3;
				MTL_ENABLE_DEBUG_INFO = NO;
				MTL_FAST_MATH = YES;
				SDKROOT = macosx;
				SWIFT_COMPILATION_MODE = wholemodule;
				SWIFT_OPTIMIZATION_LEVEL = "-O";
				VERSIONING_SYSTEM = "apple-generic";
				VERSION_INFO_PREFIX = "";
			};
			name = Release;
		};
		A79CCEFB29897A700018A77E /* Debug */ = {
			isa = XCBuildConfiguration;
			buildSettings = {
				CODE_SIGN_STYLE = Automatic;
				COMBINE_HIDPI_IMAGES = YES;
				CURRENT_PROJECT_VERSION = 1;
				DEAD_CODE_STRIPPING = YES;
				DEFINES_MODULE = YES;
				DEVELOPMENT_TEAM = LQ5V6Z6532;
				DYLIB_COMPATIBILITY_VERSION = 1;
				DYLIB_CURRENT_VERSION = 1;
				DYLIB_INSTALL_NAME_BASE = "@rpath";
				GENERATE_INFOPLIST_FILE = YES;
				INFOPLIST_KEY_NSHumanReadableCopyright = "";
				INSTALL_PATH = "$(LOCAL_LIBRARY_DIR)/Frameworks";
				LD_RUNPATH_SEARCH_PATHS = (
					"$(inherited)",
					"@executable_path/../Frameworks",
					"@loader_path/Frameworks",
				);
				MARKETING_VERSION = 1.0;
				PRODUCT_BUNDLE_IDENTIFIER = None.EssentialFeed;
				PRODUCT_NAME = "$(TARGET_NAME:c99extidentifier)";
				SKIP_INSTALL = YES;
				SUPPORTED_PLATFORMS = "iphoneos iphonesimulator macosx";
				SUPPORTS_MACCATALYST = NO;
				SUPPORTS_MAC_DESIGNED_FOR_IPHONE_IPAD = NO;
				SWIFT_EMIT_LOC_STRINGS = YES;
				SWIFT_VERSION = 5.0;
				TARGETED_DEVICE_FAMILY = 1;
			};
			name = Debug;
		};
		A79CCEFC29897A700018A77E /* Release */ = {
			isa = XCBuildConfiguration;
			buildSettings = {
				CODE_SIGN_STYLE = Automatic;
				COMBINE_HIDPI_IMAGES = YES;
				CURRENT_PROJECT_VERSION = 1;
				DEAD_CODE_STRIPPING = YES;
				DEFINES_MODULE = YES;
				DEVELOPMENT_TEAM = LQ5V6Z6532;
				DYLIB_COMPATIBILITY_VERSION = 1;
				DYLIB_CURRENT_VERSION = 1;
				DYLIB_INSTALL_NAME_BASE = "@rpath";
				GENERATE_INFOPLIST_FILE = YES;
				INFOPLIST_KEY_NSHumanReadableCopyright = "";
				INSTALL_PATH = "$(LOCAL_LIBRARY_DIR)/Frameworks";
				LD_RUNPATH_SEARCH_PATHS = (
					"$(inherited)",
					"@executable_path/../Frameworks",
					"@loader_path/Frameworks",
				);
				MARKETING_VERSION = 1.0;
				PRODUCT_BUNDLE_IDENTIFIER = None.EssentialFeed;
				PRODUCT_NAME = "$(TARGET_NAME:c99extidentifier)";
				SKIP_INSTALL = YES;
				SUPPORTED_PLATFORMS = "iphoneos iphonesimulator macosx";
				SUPPORTS_MACCATALYST = NO;
				SUPPORTS_MAC_DESIGNED_FOR_IPHONE_IPAD = NO;
				SWIFT_EMIT_LOC_STRINGS = YES;
				SWIFT_VERSION = 5.0;
				TARGETED_DEVICE_FAMILY = 1;
			};
			name = Release;
		};
		A79CCEFE29897A700018A77E /* Debug */ = {
			isa = XCBuildConfiguration;
			buildSettings = {
				ALWAYS_EMBED_SWIFT_STANDARD_LIBRARIES = YES;
				CODE_SIGN_STYLE = Automatic;
				CURRENT_PROJECT_VERSION = 1;
				DEAD_CODE_STRIPPING = YES;
				DEVELOPMENT_TEAM = LQ5V6Z6532;
				GENERATE_INFOPLIST_FILE = YES;
				MARKETING_VERSION = 1.0;
				PRODUCT_BUNDLE_IDENTIFIER = None.EssentialFeedTests;
				PRODUCT_NAME = "$(TARGET_NAME)";
				SUPPORTED_PLATFORMS = "iphoneos iphonesimulator macosx";
				SUPPORTS_MACCATALYST = NO;
				SUPPORTS_MAC_DESIGNED_FOR_IPHONE_IPAD = NO;
				SWIFT_EMIT_LOC_STRINGS = NO;
				SWIFT_VERSION = 5.0;
				TARGETED_DEVICE_FAMILY = 1;
			};
			name = Debug;
		};
		A79CCEFF29897A700018A77E /* Release */ = {
			isa = XCBuildConfiguration;
			buildSettings = {
				ALWAYS_EMBED_SWIFT_STANDARD_LIBRARIES = YES;
				CODE_SIGN_STYLE = Automatic;
				CURRENT_PROJECT_VERSION = 1;
				DEAD_CODE_STRIPPING = YES;
				DEVELOPMENT_TEAM = LQ5V6Z6532;
				GENERATE_INFOPLIST_FILE = YES;
				MARKETING_VERSION = 1.0;
				PRODUCT_BUNDLE_IDENTIFIER = None.EssentialFeedTests;
				PRODUCT_NAME = "$(TARGET_NAME)";
				SUPPORTED_PLATFORMS = "iphoneos iphonesimulator macosx";
				SUPPORTS_MACCATALYST = NO;
				SUPPORTS_MAC_DESIGNED_FOR_IPHONE_IPAD = NO;
				SWIFT_EMIT_LOC_STRINGS = NO;
				SWIFT_VERSION = 5.0;
				TARGETED_DEVICE_FAMILY = 1;
			};
			name = Release;
		};
/* End XCBuildConfiguration section */

/* Begin XCConfigurationList section */
		A710CACF29A3BCFF0042BEA6 /* Build configuration list for PBXNativeTarget "EssentialFeediOS" */ = {
			isa = XCConfigurationList;
			buildConfigurations = (
				A710CAD029A3BCFF0042BEA6 /* Debug */,
				A710CAD129A3BCFF0042BEA6 /* Release */,
			);
			defaultConfigurationIsVisible = 0;
			defaultConfigurationName = Release;
		};
		A710CAD229A3BCFF0042BEA6 /* Build configuration list for PBXNativeTarget "EssentialFeediOSTests" */ = {
			isa = XCConfigurationList;
			buildConfigurations = (
				A710CAD329A3BCFF0042BEA6 /* Debug */,
				A710CAD429A3BCFF0042BEA6 /* Release */,
			);
			defaultConfigurationIsVisible = 0;
			defaultConfigurationName = Release;
		};
		A753BC282990542100A66D5C /* Build configuration list for PBXNativeTarget "EssentialFeedAPIEndToEndTests" */ = {
			isa = XCConfigurationList;
			buildConfigurations = (
				A753BC292990542100A66D5C /* Debug */,
				A753BC2A2990542100A66D5C /* Release */,
			);
			defaultConfigurationIsVisible = 0;
			defaultConfigurationName = Release;
		};
		A762CCE7299E77DC00FAAFEA /* Build configuration list for PBXNativeTarget "EssentialFeedCacheIntegrationTests" */ = {
			isa = XCConfigurationList;
			buildConfigurations = (
				A762CCE5299E77DC00FAAFEA /* Debug */,
				A762CCE6299E77DC00FAAFEA /* Release */,
			);
			defaultConfigurationIsVisible = 0;
			defaultConfigurationName = Release;
		};
		A79CCEE029897A700018A77E /* Build configuration list for PBXProject "EssentialFeed" */ = {
			isa = XCConfigurationList;
			buildConfigurations = (
				A79CCEF829897A700018A77E /* Debug */,
				A79CCEF929897A700018A77E /* Release */,
			);
			defaultConfigurationIsVisible = 0;
			defaultConfigurationName = Release;
		};
		A79CCEFA29897A700018A77E /* Build configuration list for PBXNativeTarget "EssentialFeed" */ = {
			isa = XCConfigurationList;
			buildConfigurations = (
				A79CCEFB29897A700018A77E /* Debug */,
				A79CCEFC29897A700018A77E /* Release */,
			);
			defaultConfigurationIsVisible = 0;
			defaultConfigurationName = Release;
		};
		A79CCEFD29897A700018A77E /* Build configuration list for PBXNativeTarget "EssentialFeedTests" */ = {
			isa = XCConfigurationList;
			buildConfigurations = (
				A79CCEFE29897A700018A77E /* Debug */,
				A79CCEFF29897A700018A77E /* Release */,
			);
			defaultConfigurationIsVisible = 0;
			defaultConfigurationName = Release;
		};
/* End XCConfigurationList section */

/* Begin XCVersionGroup section */
		A762CCBE299D3A2A00FAAFEA /* FeedStore.xcdatamodeld */ = {
			isa = XCVersionGroup;
			children = (
				A762CCBF299D3A2A00FAAFEA /* FeedStore.xcdatamodel */,
			);
			currentVersion = A762CCBF299D3A2A00FAAFEA /* FeedStore.xcdatamodel */;
			path = FeedStore.xcdatamodeld;
			sourceTree = "<group>";
			versionGroupType = wrapper.xcdatamodel;
		};
/* End XCVersionGroup section */
	};
	rootObject = A79CCEDD29897A700018A77E /* Project object */;
}
