// !$*UTF8*$!
{
	archiveVersion = 1;
	classes = {
	};
	objectVersion = 56;
	objects = {

/* Begin PBXBuildFile section */
		A773FC7029F1918600056477 /* CombineHelpers.swift in Sources */ = {isa = PBXBuildFile; fileRef = A773FC6F29F1918600056477 /* CombineHelpers.swift */; };
		A780138F29DD69AE0096AF28 /* AppDelegate.swift in Sources */ = {isa = PBXBuildFile; fileRef = A780138E29DD69AE0096AF28 /* AppDelegate.swift */; };
		A780139129DD69AE0096AF28 /* SceneDelegate.swift in Sources */ = {isa = PBXBuildFile; fileRef = A780139029DD69AE0096AF28 /* SceneDelegate.swift */; };
		A780139329DD69AE0096AF28 /* ViewController.swift in Sources */ = {isa = PBXBuildFile; fileRef = A780139229DD69AE0096AF28 /* ViewController.swift */; };
		A780139829DD69AF0096AF28 /* Assets.xcassets in Resources */ = {isa = PBXBuildFile; fileRef = A780139729DD69AF0096AF28 /* Assets.xcassets */; };
		A780139B29DD69AF0096AF28 /* LaunchScreen.storyboard in Resources */ = {isa = PBXBuildFile; fileRef = A780139929DD69AF0096AF28 /* LaunchScreen.storyboard */; };
		A784E79229DD989400148AA1 /* EssentialFeed.framework in Frameworks */ = {isa = PBXBuildFile; fileRef = A784E79029DD989400148AA1 /* EssentialFeed.framework */; };
		A784E79329DD989400148AA1 /* EssentialFeed.framework in Embed Frameworks */ = {isa = PBXBuildFile; fileRef = A784E79029DD989400148AA1 /* EssentialFeed.framework */; settings = {ATTRIBUTES = (CodeSignOnCopy, RemoveHeadersOnCopy, ); }; };
		A784E79429DD989400148AA1 /* EssentialFeediOS.framework in Frameworks */ = {isa = PBXBuildFile; fileRef = A784E79129DD989400148AA1 /* EssentialFeediOS.framework */; };
		A784E79529DD989400148AA1 /* EssentialFeediOS.framework in Embed Frameworks */ = {isa = PBXBuildFile; fileRef = A784E79129DD989400148AA1 /* EssentialFeediOS.framework */; settings = {ATTRIBUTES = (CodeSignOnCopy, RemoveHeadersOnCopy, ); }; };
		A784E7AE29E08E3100148AA1 /* XCTestCase+MemoryLeakTracking.swift in Sources */ = {isa = PBXBuildFile; fileRef = A784E7AD29E08E3100148AA1 /* XCTestCase+MemoryLeakTracking.swift */; };
		A784E7B029E08E8200148AA1 /* SharedTestHelpers.swift in Sources */ = {isa = PBXBuildFile; fileRef = A784E7AF29E08E8200148AA1 /* SharedTestHelpers.swift */; };
		A7989CEC29E8A35300D23C37 /* SceneDelgateTests.swift in Sources */ = {isa = PBXBuildFile; fileRef = A7989CEB29E8A35300D23C37 /* SceneDelgateTests.swift */; };
		A7989CF429E9518600D23C37 /* FeedUIComposer.swift in Sources */ = {isa = PBXBuildFile; fileRef = A7989CEF29E9518600D23C37 /* FeedUIComposer.swift */; };
		A7989CF529E9518600D23C37 /* FeedLoaderPresentationAdapter.swift in Sources */ = {isa = PBXBuildFile; fileRef = A7989CF229E9518600D23C37 /* FeedLoaderPresentationAdapter.swift */; };
		A7989CF629E9518600D23C37 /* WeakRefVirtualProxy.swift in Sources */ = {isa = PBXBuildFile; fileRef = A7989CED29E9518600D23C37 /* WeakRefVirtualProxy.swift */; };
		A7989CF829E9518600D23C37 /* FeedViewAdapter.swift in Sources */ = {isa = PBXBuildFile; fileRef = A7989CF029E9518600D23C37 /* FeedViewAdapter.swift */; };
		A7989D0229E951DD00D23C37 /* FeedViewController+TestHelpers.swift in Sources */ = {isa = PBXBuildFile; fileRef = A7989CFF29E951DC00D23C37 /* FeedViewController+TestHelpers.swift */; };
		A7989D0329E951DD00D23C37 /* UIButton+TestHelpers.swift in Sources */ = {isa = PBXBuildFile; fileRef = A7989CFD29E951DC00D23C37 /* UIButton+TestHelpers.swift */; };
		A7989D0429E951DD00D23C37 /* UIImage+TestHelpers.swift in Sources */ = {isa = PBXBuildFile; fileRef = A7989CF929E951DC00D23C37 /* UIImage+TestHelpers.swift */; };
		A7989D0529E951DD00D23C37 /* FeedUIIntegrationTests+Assertions.swift in Sources */ = {isa = PBXBuildFile; fileRef = A7989CFB29E951DC00D23C37 /* FeedUIIntegrationTests+Assertions.swift */; };
		A7989D0629E951DD00D23C37 /* FeedImageCell+TestHelpers.swift in Sources */ = {isa = PBXBuildFile; fileRef = A7989CFC29E951DC00D23C37 /* FeedImageCell+TestHelpers.swift */; };
		A7989D0729E951DD00D23C37 /* FeedViewControllerTests+LoaderSpy.swift in Sources */ = {isa = PBXBuildFile; fileRef = A7989CFE29E951DC00D23C37 /* FeedViewControllerTests+LoaderSpy.swift */; };
		A7989D0829E951DD00D23C37 /* UIRefreshControl+TestHelpers.swift in Sources */ = {isa = PBXBuildFile; fileRef = A7989D0029E951DC00D23C37 /* UIRefreshControl+TestHelpers.swift */; };
		A7989D0929E951DD00D23C37 /* FeedViewControllerTests+Localization.swift in Sources */ = {isa = PBXBuildFile; fileRef = A7989D0129E951DD00D23C37 /* FeedViewControllerTests+Localization.swift */; };
		A7989D0A29E951DD00D23C37 /* UIControl+TestHelpers.swift in Sources */ = {isa = PBXBuildFile; fileRef = A7989CFA29E951DC00D23C37 /* UIControl+TestHelpers.swift */; };
		A7989D0C29E9556A00D23C37 /* FeedUIIntegrationTests.swift in Sources */ = {isa = PBXBuildFile; fileRef = A7989D0B29E9556A00D23C37 /* FeedUIIntegrationTests.swift */; };
		A7989D0E29E9607100D23C37 /* FeedAcceptanceTests.swift in Sources */ = {isa = PBXBuildFile; fileRef = A7989D0D29E9607100D23C37 /* FeedAcceptanceTests.swift */; };
		A7989D1029E9A71E00D23C37 /* HTTPClientStub.swift in Sources */ = {isa = PBXBuildFile; fileRef = A7989D0F29E9A71E00D23C37 /* HTTPClientStub.swift */; };
		A7989D1229E9A75F00D23C37 /* InMemoryFeedStore.swift in Sources */ = {isa = PBXBuildFile; fileRef = A7989D1129E9A75F00D23C37 /* InMemoryFeedStore.swift */; };
		A7989D2E29ED6AD100D23C37 /* UIView+TestHelpers.swift in Sources */ = {isa = PBXBuildFile; fileRef = A7989D2D29ED6AD100D23C37 /* UIView+TestHelpers.swift */; };
		A7FA781929F1866A004A6C7F /* FeedImageDataLoaderPresentationAdapter.swift in Sources */ = {isa = PBXBuildFile; fileRef = A7FA781829F1866A004A6C7F /* FeedImageDataLoaderPresentationAdapter.swift */; };
/* End PBXBuildFile section */

/* Begin PBXContainerItemProxy section */
		A784E79F29DF4DC300148AA1 /* PBXContainerItemProxy */ = {
			isa = PBXContainerItemProxy;
			containerPortal = A780138329DD69AE0096AF28 /* Project object */;
			proxyType = 1;
			remoteGlobalIDString = A780138A29DD69AE0096AF28;
			remoteInfo = EssentialApp;
		};
/* End PBXContainerItemProxy section */

/* Begin PBXCopyFilesBuildPhase section */
		A784E79629DD989400148AA1 /* Embed Frameworks */ = {
			isa = PBXCopyFilesBuildPhase;
			buildActionMask = 2147483647;
			dstPath = "";
			dstSubfolderSpec = 10;
			files = (
				A784E79329DD989400148AA1 /* EssentialFeed.framework in Embed Frameworks */,
				A784E79529DD989400148AA1 /* EssentialFeediOS.framework in Embed Frameworks */,
			);
			name = "Embed Frameworks";
			runOnlyForDeploymentPostprocessing = 0;
		};
/* End PBXCopyFilesBuildPhase section */

/* Begin PBXFileReference section */
		A773FC6F29F1918600056477 /* CombineHelpers.swift */ = {isa = PBXFileReference; lastKnownFileType = sourcecode.swift; path = CombineHelpers.swift; sourceTree = "<group>"; };
		A780138B29DD69AE0096AF28 /* EssentialApp.app */ = {isa = PBXFileReference; explicitFileType = wrapper.application; includeInIndex = 0; path = EssentialApp.app; sourceTree = BUILT_PRODUCTS_DIR; };
		A780138E29DD69AE0096AF28 /* AppDelegate.swift */ = {isa = PBXFileReference; lastKnownFileType = sourcecode.swift; path = AppDelegate.swift; sourceTree = "<group>"; };
		A780139029DD69AE0096AF28 /* SceneDelegate.swift */ = {isa = PBXFileReference; lastKnownFileType = sourcecode.swift; path = SceneDelegate.swift; sourceTree = "<group>"; };
		A780139229DD69AE0096AF28 /* ViewController.swift */ = {isa = PBXFileReference; lastKnownFileType = sourcecode.swift; path = ViewController.swift; sourceTree = "<group>"; };
		A780139729DD69AF0096AF28 /* Assets.xcassets */ = {isa = PBXFileReference; lastKnownFileType = folder.assetcatalog; path = Assets.xcassets; sourceTree = "<group>"; };
		A780139A29DD69AF0096AF28 /* Base */ = {isa = PBXFileReference; lastKnownFileType = file.storyboard; name = Base; path = Base.lproj/LaunchScreen.storyboard; sourceTree = "<group>"; };
		A780139C29DD69AF0096AF28 /* Info.plist */ = {isa = PBXFileReference; lastKnownFileType = text.plist.xml; path = Info.plist; sourceTree = "<group>"; };
		A784E79029DD989400148AA1 /* EssentialFeed.framework */ = {isa = PBXFileReference; explicitFileType = wrapper.framework; path = EssentialFeed.framework; sourceTree = BUILT_PRODUCTS_DIR; };
		A784E79129DD989400148AA1 /* EssentialFeediOS.framework */ = {isa = PBXFileReference; explicitFileType = wrapper.framework; path = EssentialFeediOS.framework; sourceTree = BUILT_PRODUCTS_DIR; };
		A784E79B29DF4DC300148AA1 /* EssentialAppTests.xctest */ = {isa = PBXFileReference; explicitFileType = wrapper.cfbundle; includeInIndex = 0; path = EssentialAppTests.xctest; sourceTree = BUILT_PRODUCTS_DIR; };
		A784E7AD29E08E3100148AA1 /* XCTestCase+MemoryLeakTracking.swift */ = {isa = PBXFileReference; lastKnownFileType = sourcecode.swift; path = "XCTestCase+MemoryLeakTracking.swift"; sourceTree = "<group>"; };
		A784E7AF29E08E8200148AA1 /* SharedTestHelpers.swift */ = {isa = PBXFileReference; lastKnownFileType = sourcecode.swift; path = SharedTestHelpers.swift; sourceTree = "<group>"; };
		A7989CEB29E8A35300D23C37 /* SceneDelgateTests.swift */ = {isa = PBXFileReference; lastKnownFileType = sourcecode.swift; path = SceneDelgateTests.swift; sourceTree = "<group>"; };
		A7989CED29E9518600D23C37 /* WeakRefVirtualProxy.swift */ = {isa = PBXFileReference; lastKnownFileType = sourcecode.swift; path = WeakRefVirtualProxy.swift; sourceTree = "<group>"; };
		A7989CEF29E9518600D23C37 /* FeedUIComposer.swift */ = {isa = PBXFileReference; lastKnownFileType = sourcecode.swift; path = FeedUIComposer.swift; sourceTree = "<group>"; };
		A7989CF029E9518600D23C37 /* FeedViewAdapter.swift */ = {isa = PBXFileReference; lastKnownFileType = sourcecode.swift; path = FeedViewAdapter.swift; sourceTree = "<group>"; };
		A7989CF229E9518600D23C37 /* FeedLoaderPresentationAdapter.swift */ = {isa = PBXFileReference; lastKnownFileType = sourcecode.swift; path = FeedLoaderPresentationAdapter.swift; sourceTree = "<group>"; };
		A7989CF929E951DC00D23C37 /* UIImage+TestHelpers.swift */ = {isa = PBXFileReference; lastKnownFileType = sourcecode.swift; path = "UIImage+TestHelpers.swift"; sourceTree = "<group>"; };
		A7989CFA29E951DC00D23C37 /* UIControl+TestHelpers.swift */ = {isa = PBXFileReference; lastKnownFileType = sourcecode.swift; path = "UIControl+TestHelpers.swift"; sourceTree = "<group>"; };
		A7989CFB29E951DC00D23C37 /* FeedUIIntegrationTests+Assertions.swift */ = {isa = PBXFileReference; lastKnownFileType = sourcecode.swift; path = "FeedUIIntegrationTests+Assertions.swift"; sourceTree = "<group>"; };
		A7989CFC29E951DC00D23C37 /* FeedImageCell+TestHelpers.swift */ = {isa = PBXFileReference; lastKnownFileType = sourcecode.swift; path = "FeedImageCell+TestHelpers.swift"; sourceTree = "<group>"; };
		A7989CFD29E951DC00D23C37 /* UIButton+TestHelpers.swift */ = {isa = PBXFileReference; lastKnownFileType = sourcecode.swift; path = "UIButton+TestHelpers.swift"; sourceTree = "<group>"; };
		A7989CFE29E951DC00D23C37 /* FeedViewControllerTests+LoaderSpy.swift */ = {isa = PBXFileReference; lastKnownFileType = sourcecode.swift; path = "FeedViewControllerTests+LoaderSpy.swift"; sourceTree = "<group>"; };
		A7989CFF29E951DC00D23C37 /* FeedViewController+TestHelpers.swift */ = {isa = PBXFileReference; lastKnownFileType = sourcecode.swift; path = "FeedViewController+TestHelpers.swift"; sourceTree = "<group>"; };
		A7989D0029E951DC00D23C37 /* UIRefreshControl+TestHelpers.swift */ = {isa = PBXFileReference; lastKnownFileType = sourcecode.swift; path = "UIRefreshControl+TestHelpers.swift"; sourceTree = "<group>"; };
		A7989D0129E951DD00D23C37 /* FeedViewControllerTests+Localization.swift */ = {isa = PBXFileReference; lastKnownFileType = sourcecode.swift; path = "FeedViewControllerTests+Localization.swift"; sourceTree = "<group>"; };
		A7989D0B29E9556A00D23C37 /* FeedUIIntegrationTests.swift */ = {isa = PBXFileReference; lastKnownFileType = sourcecode.swift; path = FeedUIIntegrationTests.swift; sourceTree = "<group>"; };
		A7989D0D29E9607100D23C37 /* FeedAcceptanceTests.swift */ = {isa = PBXFileReference; lastKnownFileType = sourcecode.swift; path = FeedAcceptanceTests.swift; sourceTree = "<group>"; };
		A7989D0F29E9A71E00D23C37 /* HTTPClientStub.swift */ = {isa = PBXFileReference; lastKnownFileType = sourcecode.swift; path = HTTPClientStub.swift; sourceTree = "<group>"; };
		A7989D1129E9A75F00D23C37 /* InMemoryFeedStore.swift */ = {isa = PBXFileReference; lastKnownFileType = sourcecode.swift; path = InMemoryFeedStore.swift; sourceTree = "<group>"; };
		A7989D2D29ED6AD100D23C37 /* UIView+TestHelpers.swift */ = {isa = PBXFileReference; lastKnownFileType = sourcecode.swift; path = "UIView+TestHelpers.swift"; sourceTree = "<group>"; };
		A7FA781829F1866A004A6C7F /* FeedImageDataLoaderPresentationAdapter.swift */ = {isa = PBXFileReference; lastKnownFileType = sourcecode.swift; path = FeedImageDataLoaderPresentationAdapter.swift; sourceTree = "<group>"; };
/* End PBXFileReference section */

/* Begin PBXFrameworksBuildPhase section */
		A780138829DD69AE0096AF28 /* Frameworks */ = {
			isa = PBXFrameworksBuildPhase;
			buildActionMask = 2147483647;
			files = (
				A784E79229DD989400148AA1 /* EssentialFeed.framework in Frameworks */,
				A784E79429DD989400148AA1 /* EssentialFeediOS.framework in Frameworks */,
			);
			runOnlyForDeploymentPostprocessing = 0;
		};
		A784E79829DF4DC300148AA1 /* Frameworks */ = {
			isa = PBXFrameworksBuildPhase;
			buildActionMask = 2147483647;
			files = (
			);
			runOnlyForDeploymentPostprocessing = 0;
		};
/* End PBXFrameworksBuildPhase section */

/* Begin PBXGroup section */
		A780138229DD69AE0096AF28 = {
			isa = PBXGroup;
			children = (
				A780138D29DD69AE0096AF28 /* EssentialApp */,
				A784E79C29DF4DC300148AA1 /* EssentialAppTests */,
				A780138C29DD69AE0096AF28 /* Products */,
				A784E78F29DD989400148AA1 /* Frameworks */,
			);
			sourceTree = "<group>";
		};
		A780138C29DD69AE0096AF28 /* Products */ = {
			isa = PBXGroup;
			children = (
				A780138B29DD69AE0096AF28 /* EssentialApp.app */,
				A784E79B29DF4DC300148AA1 /* EssentialAppTests.xctest */,
			);
			name = Products;
			sourceTree = "<group>";
		};
		A780138D29DD69AE0096AF28 /* EssentialApp */ = {
			isa = PBXGroup;
			children = (
				A7989CEF29E9518600D23C37 /* FeedUIComposer.swift */,
				A7989CF029E9518600D23C37 /* FeedViewAdapter.swift */,
				A7989CF229E9518600D23C37 /* FeedLoaderPresentationAdapter.swift */,
				A7989CED29E9518600D23C37 /* WeakRefVirtualProxy.swift */,
				A780138E29DD69AE0096AF28 /* AppDelegate.swift */,
				A780139029DD69AE0096AF28 /* SceneDelegate.swift */,
				A780139229DD69AE0096AF28 /* ViewController.swift */,
				A780139729DD69AF0096AF28 /* Assets.xcassets */,
				A780139929DD69AF0096AF28 /* LaunchScreen.storyboard */,
				A780139C29DD69AF0096AF28 /* Info.plist */,
				A7FA781829F1866A004A6C7F /* FeedImageDataLoaderPresentationAdapter.swift */,
				A773FC6F29F1918600056477 /* CombineHelpers.swift */,
			);
			path = EssentialApp;
			sourceTree = "<group>";
		};
		A784E78F29DD989400148AA1 /* Frameworks */ = {
			isa = PBXGroup;
			children = (
				A784E79029DD989400148AA1 /* EssentialFeed.framework */,
				A784E79129DD989400148AA1 /* EssentialFeediOS.framework */,
			);
			name = Frameworks;
			sourceTree = "<group>";
		};
		A784E79C29DF4DC300148AA1 /* EssentialAppTests */ = {
			isa = PBXGroup;
			children = (
				A784E7AC29E08E1800148AA1 /* Helpers */,
				A7989CEB29E8A35300D23C37 /* SceneDelgateTests.swift */,
				A7989D0B29E9556A00D23C37 /* FeedUIIntegrationTests.swift */,
				A7989D0D29E9607100D23C37 /* FeedAcceptanceTests.swift */,
			);
			path = EssentialAppTests;
			sourceTree = "<group>";
		};
		A784E7AC29E08E1800148AA1 /* Helpers */ = {
			isa = PBXGroup;
			children = (
				A7989CF929E951DC00D23C37 /* UIImage+TestHelpers.swift */,
				A7989D0029E951DC00D23C37 /* UIRefreshControl+TestHelpers.swift */,
				A7989CFD29E951DC00D23C37 /* UIButton+TestHelpers.swift */,
				A7989CFA29E951DC00D23C37 /* UIControl+TestHelpers.swift */,
				A7989CFF29E951DC00D23C37 /* FeedViewController+TestHelpers.swift */,
				A7989CFC29E951DC00D23C37 /* FeedImageCell+TestHelpers.swift */,
				A7989CFE29E951DC00D23C37 /* FeedViewControllerTests+LoaderSpy.swift */,
				A7989CFB29E951DC00D23C37 /* FeedUIIntegrationTests+Assertions.swift */,
				A7989D0129E951DD00D23C37 /* FeedViewControllerTests+Localization.swift */,
				A784E7AD29E08E3100148AA1 /* XCTestCase+MemoryLeakTracking.swift */,
				A784E7AF29E08E8200148AA1 /* SharedTestHelpers.swift */,
				A7989D0F29E9A71E00D23C37 /* HTTPClientStub.swift */,
				A7989D1129E9A75F00D23C37 /* InMemoryFeedStore.swift */,
				A7989D2D29ED6AD100D23C37 /* UIView+TestHelpers.swift */,
			);
			path = Helpers;
			sourceTree = "<group>";
		};
/* End PBXGroup section */

/* Begin PBXNativeTarget section */
		A780138A29DD69AE0096AF28 /* EssentialApp */ = {
			isa = PBXNativeTarget;
			buildConfigurationList = A780139F29DD69AF0096AF28 /* Build configuration list for PBXNativeTarget "EssentialApp" */;
			buildPhases = (
				A780138729DD69AE0096AF28 /* Sources */,
				A780138829DD69AE0096AF28 /* Frameworks */,
				A780138929DD69AE0096AF28 /* Resources */,
				A784E79629DD989400148AA1 /* Embed Frameworks */,
			);
			buildRules = (
			);
			dependencies = (
			);
			name = EssentialApp;
			productName = EssentialApp;
			productReference = A780138B29DD69AE0096AF28 /* EssentialApp.app */;
			productType = "com.apple.product-type.application";
		};
		A784E79A29DF4DC300148AA1 /* EssentialAppTests */ = {
			isa = PBXNativeTarget;
			buildConfigurationList = A784E7A329DF4DC300148AA1 /* Build configuration list for PBXNativeTarget "EssentialAppTests" */;
			buildPhases = (
				A784E79729DF4DC300148AA1 /* Sources */,
				A784E79829DF4DC300148AA1 /* Frameworks */,
				A784E79929DF4DC300148AA1 /* Resources */,
			);
			buildRules = (
			);
			dependencies = (
				A784E7A029DF4DC300148AA1 /* PBXTargetDependency */,
			);
			name = EssentialAppTests;
			productName = EssentialAppTests;
			productReference = A784E79B29DF4DC300148AA1 /* EssentialAppTests.xctest */;
			productType = "com.apple.product-type.bundle.unit-test";
		};
/* End PBXNativeTarget section */

/* Begin PBXProject section */
		A780138329DD69AE0096AF28 /* Project object */ = {
			isa = PBXProject;
			attributes = {
				BuildIndependentTargetsInParallel = 1;
				LastSwiftUpdateCheck = 1420;
				LastUpgradeCheck = 1420;
				TargetAttributes = {
					A780138A29DD69AE0096AF28 = {
						CreatedOnToolsVersion = 14.2;
					};
					A784E79A29DF4DC300148AA1 = {
						CreatedOnToolsVersion = 14.2;
						LastSwiftMigration = 1420;
						TestTargetID = A780138A29DD69AE0096AF28;
					};
				};
			};
			buildConfigurationList = A780138629DD69AE0096AF28 /* Build configuration list for PBXProject "EssentialApp" */;
			compatibilityVersion = "Xcode 14.0";
			developmentRegion = en;
			hasScannedForEncodings = 0;
			knownRegions = (
				en,
				Base,
			);
			mainGroup = A780138229DD69AE0096AF28;
			productRefGroup = A780138C29DD69AE0096AF28 /* Products */;
			projectDirPath = "";
			projectRoot = "";
			targets = (
				A780138A29DD69AE0096AF28 /* EssentialApp */,
				A784E79A29DF4DC300148AA1 /* EssentialAppTests */,
			);
		};
/* End PBXProject section */

/* Begin PBXResourcesBuildPhase section */
		A780138929DD69AE0096AF28 /* Resources */ = {
			isa = PBXResourcesBuildPhase;
			buildActionMask = 2147483647;
			files = (
				A780139B29DD69AF0096AF28 /* LaunchScreen.storyboard in Resources */,
				A780139829DD69AF0096AF28 /* Assets.xcassets in Resources */,
			);
			runOnlyForDeploymentPostprocessing = 0;
		};
		A784E79929DF4DC300148AA1 /* Resources */ = {
			isa = PBXResourcesBuildPhase;
			buildActionMask = 2147483647;
			files = (
			);
			runOnlyForDeploymentPostprocessing = 0;
		};
/* End PBXResourcesBuildPhase section */

/* Begin PBXSourcesBuildPhase section */
		A780138729DD69AE0096AF28 /* Sources */ = {
			isa = PBXSourcesBuildPhase;
			buildActionMask = 2147483647;
			files = (
				A7989CF829E9518600D23C37 /* FeedViewAdapter.swift in Sources */,
				A7989CF529E9518600D23C37 /* FeedLoaderPresentationAdapter.swift in Sources */,
				A773FC7029F1918600056477 /* CombineHelpers.swift in Sources */,
				A780139329DD69AE0096AF28 /* ViewController.swift in Sources */,
				A780138F29DD69AE0096AF28 /* AppDelegate.swift in Sources */,
				A780139129DD69AE0096AF28 /* SceneDelegate.swift in Sources */,
				A7FA781929F1866A004A6C7F /* FeedImageDataLoaderPresentationAdapter.swift in Sources */,
				A7989CF629E9518600D23C37 /* WeakRefVirtualProxy.swift in Sources */,
				A7989CF429E9518600D23C37 /* FeedUIComposer.swift in Sources */,
			);
			runOnlyForDeploymentPostprocessing = 0;
		};
		A784E79729DF4DC300148AA1 /* Sources */ = {
			isa = PBXSourcesBuildPhase;
			buildActionMask = 2147483647;
			files = (
				A784E7B029E08E8200148AA1 /* SharedTestHelpers.swift in Sources */,
				A7989D0A29E951DD00D23C37 /* UIControl+TestHelpers.swift in Sources */,
				A7989D0729E951DD00D23C37 /* FeedViewControllerTests+LoaderSpy.swift in Sources */,
				A7989D0429E951DD00D23C37 /* UIImage+TestHelpers.swift in Sources */,
				A7989CEC29E8A35300D23C37 /* SceneDelgateTests.swift in Sources */,
				A7989D0229E951DD00D23C37 /* FeedViewController+TestHelpers.swift in Sources */,
				A7989D0929E951DD00D23C37 /* FeedViewControllerTests+Localization.swift in Sources */,
				A7989D0529E951DD00D23C37 /* FeedUIIntegrationTests+Assertions.swift in Sources */,
				A7989D1229E9A75F00D23C37 /* InMemoryFeedStore.swift in Sources */,
				A7989D1029E9A71E00D23C37 /* HTTPClientStub.swift in Sources */,
				A7989D0829E951DD00D23C37 /* UIRefreshControl+TestHelpers.swift in Sources */,
				A7989D2E29ED6AD100D23C37 /* UIView+TestHelpers.swift in Sources */,
				A784E7AE29E08E3100148AA1 /* XCTestCase+MemoryLeakTracking.swift in Sources */,
				A7989D0E29E9607100D23C37 /* FeedAcceptanceTests.swift in Sources */,
				A7989D0329E951DD00D23C37 /* UIButton+TestHelpers.swift in Sources */,
				A7989D0C29E9556A00D23C37 /* FeedUIIntegrationTests.swift in Sources */,
				A7989D0629E951DD00D23C37 /* FeedImageCell+TestHelpers.swift in Sources */,
			);
			runOnlyForDeploymentPostprocessing = 0;
		};
/* End PBXSourcesBuildPhase section */

/* Begin PBXTargetDependency section */
		A784E7A029DF4DC300148AA1 /* PBXTargetDependency */ = {
			isa = PBXTargetDependency;
			target = A780138A29DD69AE0096AF28 /* EssentialApp */;
			targetProxy = A784E79F29DF4DC300148AA1 /* PBXContainerItemProxy */;
		};
/* End PBXTargetDependency section */

/* Begin PBXVariantGroup section */
		A780139929DD69AF0096AF28 /* LaunchScreen.storyboard */ = {
			isa = PBXVariantGroup;
			children = (
				A780139A29DD69AF0096AF28 /* Base */,
			);
			name = LaunchScreen.storyboard;
			sourceTree = "<group>";
		};
/* End PBXVariantGroup section */

/* Begin XCBuildConfiguration section */
		A780139D29DD69AF0096AF28 /* Debug */ = {
			isa = XCBuildConfiguration;
			buildSettings = {
				ALWAYS_SEARCH_USER_PATHS = NO;
				CLANG_ANALYZER_NONNULL = YES;
				CLANG_ANALYZER_NUMBER_OBJECT_CONVERSION = YES_AGGRESSIVE;
				CLANG_CXX_LANGUAGE_STANDARD = "gnu++20";
				CLANG_ENABLE_MODULES = YES;
				CLANG_ENABLE_OBJC_ARC = YES;
				CLANG_ENABLE_OBJC_WEAK = YES;
				CLANG_WARN_BLOCK_CAPTURE_AUTORELEASING = YES;
				CLANG_WARN_BOOL_CONVERSION = YES;
				CLANG_WARN_COMMA = YES;
				CLANG_WARN_CONSTANT_CONVERSION = YES;
				CLANG_WARN_DEPRECATED_OBJC_IMPLEMENTATIONS = YES;
				CLANG_WARN_DIRECT_OBJC_ISA_USAGE = YES_ERROR;
				CLANG_WARN_DOCUMENTATION_COMMENTS = YES;
				CLANG_WARN_EMPTY_BODY = YES;
				CLANG_WARN_ENUM_CONVERSION = YES;
				CLANG_WARN_INFINITE_RECURSION = YES;
				CLANG_WARN_INT_CONVERSION = YES;
				CLANG_WARN_NON_LITERAL_NULL_CONVERSION = YES;
				CLANG_WARN_OBJC_IMPLICIT_RETAIN_SELF = YES;
				CLANG_WARN_OBJC_LITERAL_CONVERSION = YES;
				CLANG_WARN_OBJC_ROOT_CLASS = YES_ERROR;
				CLANG_WARN_QUOTED_INCLUDE_IN_FRAMEWORK_HEADER = YES;
				CLANG_WARN_RANGE_LOOP_ANALYSIS = YES;
				CLANG_WARN_STRICT_PROTOTYPES = YES;
				CLANG_WARN_SUSPICIOUS_MOVE = YES;
				CLANG_WARN_UNGUARDED_AVAILABILITY = YES_AGGRESSIVE;
				CLANG_WARN_UNREACHABLE_CODE = YES;
				CLANG_WARN__DUPLICATE_METHOD_MATCH = YES;
				COPY_PHASE_STRIP = NO;
				DEBUG_INFORMATION_FORMAT = dwarf;
				ENABLE_STRICT_OBJC_MSGSEND = YES;
				ENABLE_TESTABILITY = YES;
				GCC_C_LANGUAGE_STANDARD = gnu11;
				GCC_DYNAMIC_NO_PIC = NO;
				GCC_NO_COMMON_BLOCKS = YES;
				GCC_OPTIMIZATION_LEVEL = 0;
				GCC_PREPROCESSOR_DEFINITIONS = (
					"DEBUG=1",
					"$(inherited)",
				);
				GCC_WARN_64_TO_32_BIT_CONVERSION = YES;
				GCC_WARN_ABOUT_RETURN_TYPE = YES_ERROR;
				GCC_WARN_UNDECLARED_SELECTOR = YES;
				GCC_WARN_UNINITIALIZED_AUTOS = YES_AGGRESSIVE;
				GCC_WARN_UNUSED_FUNCTION = YES;
				GCC_WARN_UNUSED_VARIABLE = YES;
				IPHONEOS_DEPLOYMENT_TARGET = 16.2;
				MTL_ENABLE_DEBUG_INFO = INCLUDE_SOURCE;
				MTL_FAST_MATH = YES;
				ONLY_ACTIVE_ARCH = YES;
				SDKROOT = iphoneos;
				SWIFT_ACTIVE_COMPILATION_CONDITIONS = DEBUG;
				SWIFT_OPTIMIZATION_LEVEL = "-Onone";
			};
			name = Debug;
		};
		A780139E29DD69AF0096AF28 /* Release */ = {
			isa = XCBuildConfiguration;
			buildSettings = {
				ALWAYS_SEARCH_USER_PATHS = NO;
				CLANG_ANALYZER_NONNULL = YES;
				CLANG_ANALYZER_NUMBER_OBJECT_CONVERSION = YES_AGGRESSIVE;
				CLANG_CXX_LANGUAGE_STANDARD = "gnu++20";
				CLANG_ENABLE_MODULES = YES;
				CLANG_ENABLE_OBJC_ARC = YES;
				CLANG_ENABLE_OBJC_WEAK = YES;
				CLANG_WARN_BLOCK_CAPTURE_AUTORELEASING = YES;
				CLANG_WARN_BOOL_CONVERSION = YES;
				CLANG_WARN_COMMA = YES;
				CLANG_WARN_CONSTANT_CONVERSION = YES;
				CLANG_WARN_DEPRECATED_OBJC_IMPLEMENTATIONS = YES;
				CLANG_WARN_DIRECT_OBJC_ISA_USAGE = YES_ERROR;
				CLANG_WARN_DOCUMENTATION_COMMENTS = YES;
				CLANG_WARN_EMPTY_BODY = YES;
				CLANG_WARN_ENUM_CONVERSION = YES;
				CLANG_WARN_INFINITE_RECURSION = YES;
				CLANG_WARN_INT_CONVERSION = YES;
				CLANG_WARN_NON_LITERAL_NULL_CONVERSION = YES;
				CLANG_WARN_OBJC_IMPLICIT_RETAIN_SELF = YES;
				CLANG_WARN_OBJC_LITERAL_CONVERSION = YES;
				CLANG_WARN_OBJC_ROOT_CLASS = YES_ERROR;
				CLANG_WARN_QUOTED_INCLUDE_IN_FRAMEWORK_HEADER = YES;
				CLANG_WARN_RANGE_LOOP_ANALYSIS = YES;
				CLANG_WARN_STRICT_PROTOTYPES = YES;
				CLANG_WARN_SUSPICIOUS_MOVE = YES;
				CLANG_WARN_UNGUARDED_AVAILABILITY = YES_AGGRESSIVE;
				CLANG_WARN_UNREACHABLE_CODE = YES;
				CLANG_WARN__DUPLICATE_METHOD_MATCH = YES;
				COPY_PHASE_STRIP = NO;
				DEBUG_INFORMATION_FORMAT = "dwarf-with-dsym";
				ENABLE_NS_ASSERTIONS = NO;
				ENABLE_STRICT_OBJC_MSGSEND = YES;
				GCC_C_LANGUAGE_STANDARD = gnu11;
				GCC_NO_COMMON_BLOCKS = YES;
				GCC_WARN_64_TO_32_BIT_CONVERSION = YES;
				GCC_WARN_ABOUT_RETURN_TYPE = YES_ERROR;
				GCC_WARN_UNDECLARED_SELECTOR = YES;
				GCC_WARN_UNINITIALIZED_AUTOS = YES_AGGRESSIVE;
				GCC_WARN_UNUSED_FUNCTION = YES;
				GCC_WARN_UNUSED_VARIABLE = YES;
				IPHONEOS_DEPLOYMENT_TARGET = 16.2;
				MTL_ENABLE_DEBUG_INFO = NO;
				MTL_FAST_MATH = YES;
				SDKROOT = iphoneos;
				SWIFT_COMPILATION_MODE = wholemodule;
				SWIFT_OPTIMIZATION_LEVEL = "-O";
				VALIDATE_PRODUCT = YES;
			};
			name = Release;
		};
		A78013A029DD69AF0096AF28 /* Debug */ = {
			isa = XCBuildConfiguration;
			buildSettings = {
				ASSETCATALOG_COMPILER_APPICON_NAME = AppIcon;
				ASSETCATALOG_COMPILER_GLOBAL_ACCENT_COLOR_NAME = AccentColor;
				CODE_SIGN_STYLE = Automatic;
				CURRENT_PROJECT_VERSION = 1;
				DEVELOPMENT_TEAM = LQ5V6Z6532;
				GENERATE_INFOPLIST_FILE = YES;
				INFOPLIST_FILE = EssentialApp/Info.plist;
				INFOPLIST_KEY_UIApplicationSupportsIndirectInputEvents = YES;
				INFOPLIST_KEY_UILaunchStoryboardName = LaunchScreen;
				INFOPLIST_KEY_UISupportedInterfaceOrientations = UIInterfaceOrientationPortrait;
				INFOPLIST_KEY_UISupportedInterfaceOrientations_iPad = "UIInterfaceOrientationLandscapeLeft UIInterfaceOrientationLandscapeRight UIInterfaceOrientationPortrait UIInterfaceOrientationPortraitUpsideDown";
				LD_RUNPATH_SEARCH_PATHS = (
					"$(inherited)",
					"@executable_path/Frameworks",
				);
				MARKETING_VERSION = 1.0;
				PRODUCT_BUNDLE_IDENTIFIER = None.EssentialAppCaseStudy;
				PRODUCT_NAME = "$(TARGET_NAME)";
				SWIFT_EMIT_LOC_STRINGS = YES;
				SWIFT_VERSION = 5.0;
				TARGETED_DEVICE_FAMILY = "1,2";
			};
			name = Debug;
		};
		A78013A129DD69AF0096AF28 /* Release */ = {
			isa = XCBuildConfiguration;
			buildSettings = {
				ASSETCATALOG_COMPILER_APPICON_NAME = AppIcon;
				ASSETCATALOG_COMPILER_GLOBAL_ACCENT_COLOR_NAME = AccentColor;
				CODE_SIGN_STYLE = Automatic;
				CURRENT_PROJECT_VERSION = 1;
				DEVELOPMENT_TEAM = LQ5V6Z6532;
				GENERATE_INFOPLIST_FILE = YES;
				INFOPLIST_FILE = EssentialApp/Info.plist;
				INFOPLIST_KEY_UIApplicationSupportsIndirectInputEvents = YES;
				INFOPLIST_KEY_UILaunchStoryboardName = LaunchScreen;
				INFOPLIST_KEY_UISupportedInterfaceOrientations = UIInterfaceOrientationPortrait;
				INFOPLIST_KEY_UISupportedInterfaceOrientations_iPad = "UIInterfaceOrientationLandscapeLeft UIInterfaceOrientationLandscapeRight UIInterfaceOrientationPortrait UIInterfaceOrientationPortraitUpsideDown";
				LD_RUNPATH_SEARCH_PATHS = (
					"$(inherited)",
					"@executable_path/Frameworks",
				);
				MARKETING_VERSION = 1.0;
				PRODUCT_BUNDLE_IDENTIFIER = None.EssentialAppCaseStudy;
				PRODUCT_NAME = "$(TARGET_NAME)";
				SWIFT_EMIT_LOC_STRINGS = YES;
				SWIFT_VERSION = 5.0;
				TARGETED_DEVICE_FAMILY = "1,2";
			};
			name = Release;
		};
		A784E7A129DF4DC300148AA1 /* Debug */ = {
			isa = XCBuildConfiguration;
			buildSettings = {
				BUNDLE_LOADER = "$(TEST_HOST)";
				CLANG_ENABLE_MODULES = YES;
				CODE_SIGN_STYLE = Automatic;
				CURRENT_PROJECT_VERSION = 1;
				DEVELOPMENT_TEAM = LQ5V6Z6532;
				GENERATE_INFOPLIST_FILE = YES;
				LD_RUNPATH_SEARCH_PATHS = (
					"$(inherited)",
					"@executable_path/Frameworks",
					"@loader_path/Frameworks",
				);
				MARKETING_VERSION = 1.0;
				PRODUCT_BUNDLE_IDENTIFIER = None.EssentialAppTests;
				PRODUCT_NAME = "$(TARGET_NAME)";
				SWIFT_EMIT_LOC_STRINGS = NO;
				SWIFT_OPTIMIZATION_LEVEL = "-Onone";
				SWIFT_VERSION = 5.0;
				TARGETED_DEVICE_FAMILY = "1,2";
				TEST_HOST = "$(BUILT_PRODUCTS_DIR)/EssentialApp.app/$(BUNDLE_EXECUTABLE_FOLDER_PATH)/EssentialApp";
			};
			name = Debug;
		};
		A784E7A229DF4DC300148AA1 /* Release */ = {
			isa = XCBuildConfiguration;
			buildSettings = {
				BUNDLE_LOADER = "$(TEST_HOST)";
				CLANG_ENABLE_MODULES = YES;
				CODE_SIGN_STYLE = Automatic;
				CURRENT_PROJECT_VERSION = 1;
				DEVELOPMENT_TEAM = LQ5V6Z6532;
				GENERATE_INFOPLIST_FILE = YES;
				LD_RUNPATH_SEARCH_PATHS = (
					"$(inherited)",
					"@executable_path/Frameworks",
					"@loader_path/Frameworks",
				);
				MARKETING_VERSION = 1.0;
				PRODUCT_BUNDLE_IDENTIFIER = None.EssentialAppTests;
				PRODUCT_NAME = "$(TARGET_NAME)";
				SWIFT_EMIT_LOC_STRINGS = NO;
				SWIFT_VERSION = 5.0;
				TARGETED_DEVICE_FAMILY = "1,2";
				TEST_HOST = "$(BUILT_PRODUCTS_DIR)/EssentialApp.app/$(BUNDLE_EXECUTABLE_FOLDER_PATH)/EssentialApp";
			};
			name = Release;
		};
/* End XCBuildConfiguration section */

/* Begin XCConfigurationList section */
		A780138629DD69AE0096AF28 /* Build configuration list for PBXProject "EssentialApp" */ = {
			isa = XCConfigurationList;
			buildConfigurations = (
				A780139D29DD69AF0096AF28 /* Debug */,
				A780139E29DD69AF0096AF28 /* Release */,
			);
			defaultConfigurationIsVisible = 0;
			defaultConfigurationName = Release;
		};
		A780139F29DD69AF0096AF28 /* Build configuration list for PBXNativeTarget "EssentialApp" */ = {
			isa = XCConfigurationList;
			buildConfigurations = (
				A78013A029DD69AF0096AF28 /* Debug */,
				A78013A129DD69AF0096AF28 /* Release */,
			);
			defaultConfigurationIsVisible = 0;
			defaultConfigurationName = Release;
		};
		A784E7A329DF4DC300148AA1 /* Build configuration list for PBXNativeTarget "EssentialAppTests" */ = {
			isa = XCConfigurationList;
			buildConfigurations = (
				A784E7A129DF4DC300148AA1 /* Debug */,
				A784E7A229DF4DC300148AA1 /* Release */,
			);
			defaultConfigurationIsVisible = 0;
			defaultConfigurationName = Release;
		};
/* End XCConfigurationList section */
	};
	rootObject = A780138329DD69AE0096AF28 /* Project object */;
}
